
Microsoft Visual Studio Solution File, Format Version 12.00
# Visual Studio 2013
VisualStudioVersion = 12.0.21005.1
MinimumVisualStudioVersion = 10.0.40219.1
Project("{8BC9CEB8-8B4A-11D0-8D11-00A0C91BC942}") = "Bullet3Common", "Bullet3Common.vcxproj", "{4C5CBF02-7043-E549-8B60-C844C76A00CE}"
EndProject
Project("{8BC9CEB8-8B4A-11D0-8D11-00A0C91BC942}") = "Bullet3Geometry", "Bullet3Geometry.vcxproj", "{EF5BD285-5938-9948-8B22-3F86F743BFEB}"
EndProject
Project("{8BC9CEB8-8B4A-11D0-8D11-00A0C91BC942}") = "Bullet3Collision", "Bullet3Collision.vcxproj", "{867AE20A-BBC7-8F40-A9C1-DF80652C61D6}"
EndProject
Project("{8BC9CEB8-8B4A-11D0-8D11-00A0C91BC942}") = "Bullet3Dynamics", "Bullet3Dynamics.vcxproj", "{5585A129-74BF-2445-9270-A48D4BEDD53E}"
EndProject
Project("{8BC9CEB8-8B4A-11D0-8D11-00A0C91BC942}") = "Bullet3OpenCL_clew", "Bullet3OpenCL_clew.vcxproj", "{5B8B7E93-731C-FA45-BB0A-92F05E632629}"
EndProject
Project("{8BC9CEB8-8B4A-11D0-8D11-00A0C91BC942}") = "Bullet2FileLoader", "Bullet2FileLoader.vcxproj", "{1B5A6F27-74A4-B349-8C31-E4B3FC7C7034}"
EndProject
Project("{8BC9CEB8-8B4A-11D0-8D11-00A0C91BC942}") = "HACD", "HACD.vcxproj", "{B9FC280D-C888-3E42-8D60-535079F4A61E}"
EndProject
Project("{8BC9CEB8-8B4A-11D0-8D11-00A0C91BC942}") = "ConvexDecomposition", "ConvexDecomposition.vcxproj", "{3C2C37B7-8319-D242-8FD5-EBC0A5F7F549}"
EndProject
Project("{8BC9CEB8-8B4A-11D0-8D11-00A0C91BC942}") = "BulletInverseDynamicsUtils", "BulletInverseDynamicsUtils.vcxproj", "{337C472C-3C7E-304C-8AB9-CBDF7ECAF625}"
EndProject
Project("{8BC9CEB8-8B4A-11D0-8D11-00A0C91BC942}") = "BulletFileLoader", "BulletFileLoader.vcxproj", "{42E2A158-1E45-BC47-B4EC-81687A074826}"
EndProject
Project("{8BC9CEB8-8B4A-11D0-8D11-00A0C91BC942}") = "BulletWorldImporter", "BulletWorldImporter.vcxproj", "{066B3700-D2B5-BC48-B176-A02292194D52}"
EndProject
Project("{8BC9CEB8-8B4A-11D0-8D11-00A0C91BC942}") = "BulletXmlWorldImporter", "BulletXmlWorldImporter.vcxproj", "{EB6924BD-587F-C848-AC9B-171E1AB5792B}"
EndProject
Project("{8BC9CEB8-8B4A-11D0-8D11-00A0C91BC942}") = "App_ExampleBrowser", "App_ExampleBrowser.vcxproj", "{662C1260-E50F-9043-A0CD-AE0E576B4683}"
	ProjectSection(ProjectDependencies) = postProject
		{CE569C60-B3D6-9944-9F96-15811457D578} = {CE569C60-B3D6-9944-9F96-15811457D578}
		{0F24C00E-5BDF-4643-A658-B346A84CCF86} = {0F24C00E-5BDF-4643-A658-B346A84CCF86}
		{ADCFED9A-E56E-E440-B14B-8DF86A36F142} = {ADCFED9A-E56E-E440-B14B-8DF86A36F142}
		{337C472C-3C7E-304C-8AB9-CBDF7ECAF625} = {337C472C-3C7E-304C-8AB9-CBDF7ECAF625}
		{A6A90AAE-4052-F044-930E-E9AA7D40D3C2} = {A6A90AAE-4052-F044-930E-E9AA7D40D3C2}
		{DC95E089-A36F-E041-A7CD-54DF1737639B} = {DC95E089-A36F-E041-A7CD-54DF1737639B}
		{40EA9FB9-B6A7-0546-BB80-77339701554E} = {40EA9FB9-B6A7-0546-BB80-77339701554E}
		{E9A76716-EF48-2D48-B6AE-09A54F748CAE} = {E9A76716-EF48-2D48-B6AE-09A54F748CAE}
		{4C5CBF02-7043-E549-8B60-C844C76A00CE} = {4C5CBF02-7043-E549-8B60-C844C76A00CE}
		{5B8B7E93-731C-FA45-BB0A-92F05E632629} = {5B8B7E93-731C-FA45-BB0A-92F05E632629}
		{5585A129-74BF-2445-9270-A48D4BEDD53E} = {5585A129-74BF-2445-9270-A48D4BEDD53E}
		{867AE20A-BBC7-8F40-A9C1-DF80652C61D6} = {867AE20A-BBC7-8F40-A9C1-DF80652C61D6}
		{EF5BD285-5938-9948-8B22-3F86F743BFEB} = {EF5BD285-5938-9948-8B22-3F86F743BFEB}
	EndProjectSection
EndProject
Project("{8BC9CEB8-8B4A-11D0-8D11-00A0C91BC942}") = "OpenGL_Window", "OpenGL_Window.vcxproj", "{0F24C00E-5BDF-4643-A658-B346A84CCF86}"
EndProject
Project("{8BC9CEB8-8B4A-11D0-8D11-00A0C91BC942}") = "gwen", "gwen.vcxproj", "{CE569C60-B3D6-9944-9F96-15811457D578}"
EndProject
Project("{8BC9CEB8-8B4A-11D0-8D11-00A0C91BC942}") = "App_HelloWorld", "App_HelloWorld.vcxproj", "{F89F2FC4-4A4C-4B41-BE2C-5BA2BFA31C19}"
	ProjectSection(ProjectDependencies) = postProject
		{DC95E089-A36F-E041-A7CD-54DF1737639B} = {DC95E089-A36F-E041-A7CD-54DF1737639B}
		{40EA9FB9-B6A7-0546-BB80-77339701554E} = {40EA9FB9-B6A7-0546-BB80-77339701554E}
		{E9A76716-EF48-2D48-B6AE-09A54F748CAE} = {E9A76716-EF48-2D48-B6AE-09A54F748CAE}
	EndProjectSection
EndProject
Project("{8BC9CEB8-8B4A-11D0-8D11-00A0C91BC942}") = "App_BasicExample", "App_BasicExample.vcxproj", "{4E4B9EFE-C99C-F44D-80A0-EF63C5C9E914}"
	ProjectSection(ProjectDependencies) = postProject
		{DC95E089-A36F-E041-A7CD-54DF1737639B} = {DC95E089-A36F-E041-A7CD-54DF1737639B}
		{40EA9FB9-B6A7-0546-BB80-77339701554E} = {40EA9FB9-B6A7-0546-BB80-77339701554E}
		{E9A76716-EF48-2D48-B6AE-09A54F748CAE} = {E9A76716-EF48-2D48-B6AE-09A54F748CAE}
	EndProjectSection
EndProject
Project("{8BC9CEB8-8B4A-11D0-8D11-00A0C91BC942}") = "App_SharedMemoryPhysics", "App_SharedMemoryPhysics.vcxproj", "{BA2DBF67-9A5F-A74C-9D3C-0D2424639FB5}"
	ProjectSection(ProjectDependencies) = postProject
		{4C5CBF02-7043-E549-8B60-C844C76A00CE} = {4C5CBF02-7043-E549-8B60-C844C76A00CE}
		{DC95E089-A36F-E041-A7CD-54DF1737639B} = {DC95E089-A36F-E041-A7CD-54DF1737639B}
		{40EA9FB9-B6A7-0546-BB80-77339701554E} = {40EA9FB9-B6A7-0546-BB80-77339701554E}
		{E9A76716-EF48-2D48-B6AE-09A54F748CAE} = {E9A76716-EF48-2D48-B6AE-09A54F748CAE}
	EndProjectSection
EndProject
Project("{8BC9CEB8-8B4A-11D0-8D11-00A0C91BC942}") = "App_ThreadingTest", "App_ThreadingTest.vcxproj", "{22DDC136-5BCA-C84B-BE7E-DC56FB0B2700}"
	ProjectSection(ProjectDependencies) = postProject
		{4C5CBF02-7043-E549-8B60-C844C76A00CE} = {4C5CBF02-7043-E549-8B60-C844C76A00CE}
	EndProjectSection
EndProject
Project("{8BC9CEB8-8B4A-11D0-8D11-00A0C91BC942}") = "Test_SharedMemoryPhysicsClient", "Test_SharedMemoryPhysicsClient.vcxproj", "{26A51721-E6C9-4C42-92F1-765A22927DE1}"
	ProjectSection(ProjectDependencies) = postProject
		{42E2A158-1E45-BC47-B4EC-81687A074826} = {42E2A158-1E45-BC47-B4EC-81687A074826}
		{4C5CBF02-7043-E549-8B60-C844C76A00CE} = {4C5CBF02-7043-E549-8B60-C844C76A00CE}
		{E9A76716-EF48-2D48-B6AE-09A54F748CAE} = {E9A76716-EF48-2D48-B6AE-09A54F748CAE}
	EndProjectSection
EndProject
Project("{8BC9CEB8-8B4A-11D0-8D11-00A0C91BC942}") = "Test_PhysicsServerLoopBack", "Test_PhysicsServerLoopBack.vcxproj", "{5FB4EFBB-1354-4C4F-AB90-C4A73473259C}"
	ProjectSection(ProjectDependencies) = postProject
		{42E2A158-1E45-BC47-B4EC-81687A074826} = {42E2A158-1E45-BC47-B4EC-81687A074826}
		{066B3700-D2B5-BC48-B176-A02292194D52} = {066B3700-D2B5-BC48-B176-A02292194D52}
		{4C5CBF02-7043-E549-8B60-C844C76A00CE} = {4C5CBF02-7043-E549-8B60-C844C76A00CE}
		{DC95E089-A36F-E041-A7CD-54DF1737639B} = {DC95E089-A36F-E041-A7CD-54DF1737639B}
		{40EA9FB9-B6A7-0546-BB80-77339701554E} = {40EA9FB9-B6A7-0546-BB80-77339701554E}
		{E9A76716-EF48-2D48-B6AE-09A54F748CAE} = {E9A76716-EF48-2D48-B6AE-09A54F748CAE}
	EndProjectSection
EndProject
Project("{8BC9CEB8-8B4A-11D0-8D11-00A0C91BC942}") = "Test_PhysicsServerDirect", "Test_PhysicsServerDirect.vcxproj", "{6B8BF5A2-A70A-5144-8C09-A24FA81D59ED}"
	ProjectSection(ProjectDependencies) = postProject
		{42E2A158-1E45-BC47-B4EC-81687A074826} = {42E2A158-1E45-BC47-B4EC-81687A074826}
		{066B3700-D2B5-BC48-B176-A02292194D52} = {066B3700-D2B5-BC48-B176-A02292194D52}
		{4C5CBF02-7043-E549-8B60-C844C76A00CE} = {4C5CBF02-7043-E549-8B60-C844C76A00CE}
		{DC95E089-A36F-E041-A7CD-54DF1737639B} = {DC95E089-A36F-E041-A7CD-54DF1737639B}
		{40EA9FB9-B6A7-0546-BB80-77339701554E} = {40EA9FB9-B6A7-0546-BB80-77339701554E}
		{E9A76716-EF48-2D48-B6AE-09A54F748CAE} = {E9A76716-EF48-2D48-B6AE-09A54F748CAE}
	EndProjectSection
EndProject
Project("{8BC9CEB8-8B4A-11D0-8D11-00A0C91BC942}") = "Test_LinearMath", "Test_LinearMath.vcxproj", "{C1002786-DEF3-544C-9324-14A8AC6FF896}"
	ProjectSection(ProjectDependencies) = postProject
		{DC95E089-A36F-E041-A7CD-54DF1737639B} = {DC95E089-A36F-E041-A7CD-54DF1737639B}
		{40EA9FB9-B6A7-0546-BB80-77339701554E} = {40EA9FB9-B6A7-0546-BB80-77339701554E}
		{E9A76716-EF48-2D48-B6AE-09A54F748CAE} = {E9A76716-EF48-2D48-B6AE-09A54F748CAE}
	EndProjectSection
EndProject
Project("{8BC9CEB8-8B4A-11D0-8D11-00A0C91BC942}") = "gtest", "gtest.vcxproj", "{91DED7F7-436D-0F4E-A7F0-A64F837DE2B2}"
EndProject
Project("{8BC9CEB8-8B4A-11D0-8D11-00A0C91BC942}") = "Test_BulletCollision", "Test_BulletCollision.vcxproj", "{67C578E8-DDDA-DF42-A684-F51F534C154F}"
	ProjectSection(ProjectDependencies) = postProject
		{E9A76716-EF48-2D48-B6AE-09A54F748CAE} = {E9A76716-EF48-2D48-B6AE-09A54F748CAE}
		{91DED7F7-436D-0F4E-A7F0-A64F837DE2B2} = {91DED7F7-436D-0F4E-A7F0-A64F837DE2B2}
	EndProjectSection
EndProject
Project("{8BC9CEB8-8B4A-11D0-8D11-00A0C91BC942}") = "Test_BulletDynamics", "Test_BulletDynamics.vcxproj", "{A3E1F891-608A-9643-83D5-2ECA5759F5AB}"
	ProjectSection(ProjectDependencies) = postProject
		{DC95E089-A36F-E041-A7CD-54DF1737639B} = {DC95E089-A36F-E041-A7CD-54DF1737639B}
		{40EA9FB9-B6A7-0546-BB80-77339701554E} = {40EA9FB9-B6A7-0546-BB80-77339701554E}
		{E9A76716-EF48-2D48-B6AE-09A54F748CAE} = {E9A76716-EF48-2D48-B6AE-09A54F748CAE}
		{91DED7F7-436D-0F4E-A7F0-A64F837DE2B2} = {91DED7F7-436D-0F4E-A7F0-A64F837DE2B2}
	EndProjectSection
EndProject
Project("{8BC9CEB8-8B4A-11D0-8D11-00A0C91BC942}") = "Test_InverseDynamicsKinematics", "Test_InverseDynamicsKinematics.vcxproj", "{A358702C-C7DC-F941-B856-17F6F504E2FD}"
	ProjectSection(ProjectDependencies) = postProject
		{337C472C-3C7E-304C-8AB9-CBDF7ECAF625} = {337C472C-3C7E-304C-8AB9-CBDF7ECAF625}
		{A6A90AAE-4052-F044-930E-E9AA7D40D3C2} = {A6A90AAE-4052-F044-930E-E9AA7D40D3C2}
		{4C5CBF02-7043-E549-8B60-C844C76A00CE} = {4C5CBF02-7043-E549-8B60-C844C76A00CE}
		{E9A76716-EF48-2D48-B6AE-09A54F748CAE} = {E9A76716-EF48-2D48-B6AE-09A54F748CAE}
		{91DED7F7-436D-0F4E-A7F0-A64F837DE2B2} = {91DED7F7-436D-0F4E-A7F0-A64F837DE2B2}
	EndProjectSection
EndProject
Project("{8BC9CEB8-8B4A-11D0-8D11-00A0C91BC942}") = "Test_InverseForwardDynamics", "Test_InverseForwardDynamics.vcxproj", "{9D100587-5505-3547-BC97-BC1D5C1133A8}"
	ProjectSection(ProjectDependencies) = postProject
		{DC95E089-A36F-E041-A7CD-54DF1737639B} = {DC95E089-A36F-E041-A7CD-54DF1737639B}
		{40EA9FB9-B6A7-0546-BB80-77339701554E} = {40EA9FB9-B6A7-0546-BB80-77339701554E}
		{337C472C-3C7E-304C-8AB9-CBDF7ECAF625} = {337C472C-3C7E-304C-8AB9-CBDF7ECAF625}
		{A6A90AAE-4052-F044-930E-E9AA7D40D3C2} = {A6A90AAE-4052-F044-930E-E9AA7D40D3C2}
		{4C5CBF02-7043-E549-8B60-C844C76A00CE} = {4C5CBF02-7043-E549-8B60-C844C76A00CE}
		{E9A76716-EF48-2D48-B6AE-09A54F748CAE} = {E9A76716-EF48-2D48-B6AE-09A54F748CAE}
		{91DED7F7-436D-0F4E-A7F0-A64F837DE2B2} = {91DED7F7-436D-0F4E-A7F0-A64F837DE2B2}
	EndProjectSection
EndProject
Project("{8BC9CEB8-8B4A-11D0-8D11-00A0C91BC942}") = "Test_OpenCL_Bullet3", "Test_OpenCL_Bullet3.vcxproj", "{3610A4B6-95AE-3447-8242-085935CB9B10}"
	ProjectSection(ProjectDependencies) = postProject
		{91DED7F7-436D-0F4E-A7F0-A64F837DE2B2} = {91DED7F7-436D-0F4E-A7F0-A64F837DE2B2}
		{5B8B7E93-731C-FA45-BB0A-92F05E632629} = {5B8B7E93-731C-FA45-BB0A-92F05E632629}
		{4C5CBF02-7043-E549-8B60-C844C76A00CE} = {4C5CBF02-7043-E549-8B60-C844C76A00CE}
	EndProjectSection
EndProject
Project("{8BC9CEB8-8B4A-11D0-8D11-00A0C91BC942}") = "Test_Gwen_OpenGL", "Test_Gwen_OpenGL.vcxproj", "{24C40356-303F-F645-839F-F92D5FEF64CB}"
	ProjectSection(ProjectDependencies) = postProject
		{CE569C60-B3D6-9944-9F96-15811457D578} = {CE569C60-B3D6-9944-9F96-15811457D578}
	EndProjectSection
EndProject
Project("{8BC9CEB8-8B4A-11D0-8D11-00A0C91BC942}") = "BulletInverseDynamics", "BulletInverseDynamics.vcxproj", "{A6A90AAE-4052-F044-930E-E9AA7D40D3C2}"
EndProject
Project("{8BC9CEB8-8B4A-11D0-8D11-00A0C91BC942}") = "BulletSoftBody", "BulletSoftBody.vcxproj", "{ADCFED9A-E56E-E440-B14B-8DF86A36F142}"
EndProject
Project("{8BC9CEB8-8B4A-11D0-8D11-00A0C91BC942}") = "BulletDynamics", "BulletDynamics.vcxproj", "{DC95E089-A36F-E041-A7CD-54DF1737639B}"
EndProject
Project("{8BC9CEB8-8B4A-11D0-8D11-00A0C91BC942}") = "BulletCollision", "BulletCollision.vcxproj", "{40EA9FB9-B6A7-0546-BB80-77339701554E}"
EndProject
Project("{8BC9CEB8-8B4A-11D0-8D11-00A0C91BC942}") = "LinearMath", "LinearMath.vcxproj", "{E9A76716-EF48-2D48-B6AE-09A54F748CAE}"
EndProject
Project("{8BC9CEB8-8B4A-11D0-8D11-00A0C91BC942}") = "Bullet2", "..\Bullet2\Bullet2.vcxproj", "{AB8F39AF-4882-4354-8119-0C015F6FEC48}"
EndProject
Global
	GlobalSection(SolutionConfigurationPlatforms) = preSolution
		Debug|Win32 = Debug|Win32
		Debug|x64 = Debug|x64
		Release|Win32 = Release|Win32
		Release|x64 = Release|x64
	EndGlobalSection
	GlobalSection(ProjectConfigurationPlatforms) = postSolution
		{4C5CBF02-7043-E549-8B60-C844C76A00CE}.Debug|Win32.ActiveCfg = Debug|Win32
		{4C5CBF02-7043-E549-8B60-C844C76A00CE}.Debug|Win32.Build.0 = Debug|Win32
		{4C5CBF02-7043-E549-8B60-C844C76A00CE}.Debug|x64.ActiveCfg = Debug|x64
		{4C5CBF02-7043-E549-8B60-C844C76A00CE}.Debug|x64.Build.0 = Debug|x64
		{4C5CBF02-7043-E549-8B60-C844C76A00CE}.Release|Win32.ActiveCfg = Release|Win32
		{4C5CBF02-7043-E549-8B60-C844C76A00CE}.Release|Win32.Build.0 = Release|Win32
		{4C5CBF02-7043-E549-8B60-C844C76A00CE}.Release|x64.ActiveCfg = Release|x64
		{4C5CBF02-7043-E549-8B60-C844C76A00CE}.Release|x64.Build.0 = Release|x64
		{EF5BD285-5938-9948-8B22-3F86F743BFEB}.Debug|Win32.ActiveCfg = Debug|Win32
		{EF5BD285-5938-9948-8B22-3F86F743BFEB}.Debug|Win32.Build.0 = Debug|Win32
		{EF5BD285-5938-9948-8B22-3F86F743BFEB}.Debug|x64.ActiveCfg = Debug|x64
		{EF5BD285-5938-9948-8B22-3F86F743BFEB}.Debug|x64.Build.0 = Debug|x64
		{EF5BD285-5938-9948-8B22-3F86F743BFEB}.Release|Win32.ActiveCfg = Release|Win32
		{EF5BD285-5938-9948-8B22-3F86F743BFEB}.Release|Win32.Build.0 = Release|Win32
		{EF5BD285-5938-9948-8B22-3F86F743BFEB}.Release|x64.ActiveCfg = Release|x64
		{EF5BD285-5938-9948-8B22-3F86F743BFEB}.Release|x64.Build.0 = Release|x64
		{867AE20A-BBC7-8F40-A9C1-DF80652C61D6}.Debug|Win32.ActiveCfg = Debug|Win32
		{867AE20A-BBC7-8F40-A9C1-DF80652C61D6}.Debug|Win32.Build.0 = Debug|Win32
		{867AE20A-BBC7-8F40-A9C1-DF80652C61D6}.Debug|x64.ActiveCfg = Debug|x64
		{867AE20A-BBC7-8F40-A9C1-DF80652C61D6}.Debug|x64.Build.0 = Debug|x64
		{867AE20A-BBC7-8F40-A9C1-DF80652C61D6}.Release|Win32.ActiveCfg = Release|Win32
		{867AE20A-BBC7-8F40-A9C1-DF80652C61D6}.Release|Win32.Build.0 = Release|Win32
		{867AE20A-BBC7-8F40-A9C1-DF80652C61D6}.Release|x64.ActiveCfg = Release|x64
		{867AE20A-BBC7-8F40-A9C1-DF80652C61D6}.Release|x64.Build.0 = Release|x64
		{5585A129-74BF-2445-9270-A48D4BEDD53E}.Debug|Win32.ActiveCfg = Debug|Win32
		{5585A129-74BF-2445-9270-A48D4BEDD53E}.Debug|Win32.Build.0 = Debug|Win32
		{5585A129-74BF-2445-9270-A48D4BEDD53E}.Debug|x64.ActiveCfg = Debug|x64
		{5585A129-74BF-2445-9270-A48D4BEDD53E}.Debug|x64.Build.0 = Debug|x64
		{5585A129-74BF-2445-9270-A48D4BEDD53E}.Release|Win32.ActiveCfg = Release|Win32
		{5585A129-74BF-2445-9270-A48D4BEDD53E}.Release|Win32.Build.0 = Release|Win32
		{5585A129-74BF-2445-9270-A48D4BEDD53E}.Release|x64.ActiveCfg = Release|x64
		{5585A129-74BF-2445-9270-A48D4BEDD53E}.Release|x64.Build.0 = Release|x64
		{5B8B7E93-731C-FA45-BB0A-92F05E632629}.Debug|Win32.ActiveCfg = Debug|Win32
		{5B8B7E93-731C-FA45-BB0A-92F05E632629}.Debug|Win32.Build.0 = Debug|Win32
		{5B8B7E93-731C-FA45-BB0A-92F05E632629}.Debug|x64.ActiveCfg = Debug|x64
		{5B8B7E93-731C-FA45-BB0A-92F05E632629}.Debug|x64.Build.0 = Debug|x64
		{5B8B7E93-731C-FA45-BB0A-92F05E632629}.Release|Win32.ActiveCfg = Release|Win32
		{5B8B7E93-731C-FA45-BB0A-92F05E632629}.Release|Win32.Build.0 = Release|Win32
		{5B8B7E93-731C-FA45-BB0A-92F05E632629}.Release|x64.ActiveCfg = Release|x64
		{5B8B7E93-731C-FA45-BB0A-92F05E632629}.Release|x64.Build.0 = Release|x64
		{1B5A6F27-74A4-B349-8C31-E4B3FC7C7034}.Debug|Win32.ActiveCfg = Debug|Win32
		{1B5A6F27-74A4-B349-8C31-E4B3FC7C7034}.Debug|Win32.Build.0 = Debug|Win32
		{1B5A6F27-74A4-B349-8C31-E4B3FC7C7034}.Debug|x64.ActiveCfg = Debug|x64
		{1B5A6F27-74A4-B349-8C31-E4B3FC7C7034}.Debug|x64.Build.0 = Debug|x64
		{1B5A6F27-74A4-B349-8C31-E4B3FC7C7034}.Release|Win32.ActiveCfg = Release|Win32
		{1B5A6F27-74A4-B349-8C31-E4B3FC7C7034}.Release|Win32.Build.0 = Release|Win32
		{1B5A6F27-74A4-B349-8C31-E4B3FC7C7034}.Release|x64.ActiveCfg = Release|x64
		{1B5A6F27-74A4-B349-8C31-E4B3FC7C7034}.Release|x64.Build.0 = Release|x64
		{B9FC280D-C888-3E42-8D60-535079F4A61E}.Debug|Win32.ActiveCfg = Debug|Win32
		{B9FC280D-C888-3E42-8D60-535079F4A61E}.Debug|Win32.Build.0 = Debug|Win32
		{B9FC280D-C888-3E42-8D60-535079F4A61E}.Debug|x64.ActiveCfg = Debug|x64
		{B9FC280D-C888-3E42-8D60-535079F4A61E}.Debug|x64.Build.0 = Debug|x64
		{B9FC280D-C888-3E42-8D60-535079F4A61E}.Release|Win32.ActiveCfg = Release|Win32
		{B9FC280D-C888-3E42-8D60-535079F4A61E}.Release|Win32.Build.0 = Release|Win32
		{B9FC280D-C888-3E42-8D60-535079F4A61E}.Release|x64.ActiveCfg = Release|x64
		{B9FC280D-C888-3E42-8D60-535079F4A61E}.Release|x64.Build.0 = Release|x64
		{3C2C37B7-8319-D242-8FD5-EBC0A5F7F549}.Debug|Win32.ActiveCfg = Debug|Win32
		{3C2C37B7-8319-D242-8FD5-EBC0A5F7F549}.Debug|Win32.Build.0 = Debug|Win32
		{3C2C37B7-8319-D242-8FD5-EBC0A5F7F549}.Debug|x64.ActiveCfg = Debug|x64
		{3C2C37B7-8319-D242-8FD5-EBC0A5F7F549}.Debug|x64.Build.0 = Debug|x64
		{3C2C37B7-8319-D242-8FD5-EBC0A5F7F549}.Release|Win32.ActiveCfg = Release|Win32
		{3C2C37B7-8319-D242-8FD5-EBC0A5F7F549}.Release|Win32.Build.0 = Release|Win32
		{3C2C37B7-8319-D242-8FD5-EBC0A5F7F549}.Release|x64.ActiveCfg = Release|x64
		{3C2C37B7-8319-D242-8FD5-EBC0A5F7F549}.Release|x64.Build.0 = Release|x64
		{337C472C-3C7E-304C-8AB9-CBDF7ECAF625}.Debug|Win32.ActiveCfg = Debug|Win32
		{337C472C-3C7E-304C-8AB9-CBDF7ECAF625}.Debug|Win32.Build.0 = Debug|Win32
		{337C472C-3C7E-304C-8AB9-CBDF7ECAF625}.Debug|x64.ActiveCfg = Debug|x64
		{337C472C-3C7E-304C-8AB9-CBDF7ECAF625}.Debug|x64.Build.0 = Debug|x64
		{337C472C-3C7E-304C-8AB9-CBDF7ECAF625}.Release|Win32.ActiveCfg = Release|Win32
		{337C472C-3C7E-304C-8AB9-CBDF7ECAF625}.Release|Win32.Build.0 = Release|Win32
		{337C472C-3C7E-304C-8AB9-CBDF7ECAF625}.Release|x64.ActiveCfg = Release|x64
		{337C472C-3C7E-304C-8AB9-CBDF7ECAF625}.Release|x64.Build.0 = Release|x64
		{42E2A158-1E45-BC47-B4EC-81687A074826}.Debug|Win32.ActiveCfg = Debug|Win32
		{42E2A158-1E45-BC47-B4EC-81687A074826}.Debug|Win32.Build.0 = Debug|Win32
		{42E2A158-1E45-BC47-B4EC-81687A074826}.Debug|x64.ActiveCfg = Debug|x64
		{42E2A158-1E45-BC47-B4EC-81687A074826}.Debug|x64.Build.0 = Debug|x64
		{42E2A158-1E45-BC47-B4EC-81687A074826}.Release|Win32.ActiveCfg = Release|Win32
		{42E2A158-1E45-BC47-B4EC-81687A074826}.Release|Win32.Build.0 = Release|Win32
		{42E2A158-1E45-BC47-B4EC-81687A074826}.Release|x64.ActiveCfg = Release|x64
		{42E2A158-1E45-BC47-B4EC-81687A074826}.Release|x64.Build.0 = Release|x64
		{066B3700-D2B5-BC48-B176-A02292194D52}.Debug|Win32.ActiveCfg = Debug|Win32
		{066B3700-D2B5-BC48-B176-A02292194D52}.Debug|Win32.Build.0 = Debug|Win32
		{066B3700-D2B5-BC48-B176-A02292194D52}.Debug|x64.ActiveCfg = Debug|x64
		{066B3700-D2B5-BC48-B176-A02292194D52}.Debug|x64.Build.0 = Debug|x64
		{066B3700-D2B5-BC48-B176-A02292194D52}.Release|Win32.ActiveCfg = Release|Win32
		{066B3700-D2B5-BC48-B176-A02292194D52}.Release|Win32.Build.0 = Release|Win32
		{066B3700-D2B5-BC48-B176-A02292194D52}.Release|x64.ActiveCfg = Release|x64
		{066B3700-D2B5-BC48-B176-A02292194D52}.Release|x64.Build.0 = Release|x64
		{EB6924BD-587F-C848-AC9B-171E1AB5792B}.Debug|Win32.ActiveCfg = Debug|Win32
		{EB6924BD-587F-C848-AC9B-171E1AB5792B}.Debug|Win32.Build.0 = Debug|Win32
		{EB6924BD-587F-C848-AC9B-171E1AB5792B}.Debug|x64.ActiveCfg = Debug|x64
		{EB6924BD-587F-C848-AC9B-171E1AB5792B}.Debug|x64.Build.0 = Debug|x64
		{EB6924BD-587F-C848-AC9B-171E1AB5792B}.Release|Win32.ActiveCfg = Release|Win32
		{EB6924BD-587F-C848-AC9B-171E1AB5792B}.Release|Win32.Build.0 = Release|Win32
		{EB6924BD-587F-C848-AC9B-171E1AB5792B}.Release|x64.ActiveCfg = Release|x64
		{EB6924BD-587F-C848-AC9B-171E1AB5792B}.Release|x64.Build.0 = Release|x64
		{662C1260-E50F-9043-A0CD-AE0E576B4683}.Debug|Win32.ActiveCfg = Debug|Win32
		{662C1260-E50F-9043-A0CD-AE0E576B4683}.Debug|Win32.Build.0 = Debug|Win32
		{662C1260-E50F-9043-A0CD-AE0E576B4683}.Debug|x64.ActiveCfg = Debug|x64
		{662C1260-E50F-9043-A0CD-AE0E576B4683}.Debug|x64.Build.0 = Debug|x64
		{662C1260-E50F-9043-A0CD-AE0E576B4683}.Release|Win32.ActiveCfg = Release|Win32
		{662C1260-E50F-9043-A0CD-AE0E576B4683}.Release|Win32.Build.0 = Release|Win32
		{662C1260-E50F-9043-A0CD-AE0E576B4683}.Release|x64.ActiveCfg = Release|x64
		{662C1260-E50F-9043-A0CD-AE0E576B4683}.Release|x64.Build.0 = Release|x64
		{0F24C00E-5BDF-4643-A658-B346A84CCF86}.Debug|Win32.ActiveCfg = Debug|Win32
		{0F24C00E-5BDF-4643-A658-B346A84CCF86}.Debug|Win32.Build.0 = Debug|Win32
		{0F24C00E-5BDF-4643-A658-B346A84CCF86}.Debug|x64.ActiveCfg = Debug|x64
		{0F24C00E-5BDF-4643-A658-B346A84CCF86}.Debug|x64.Build.0 = Debug|x64
		{0F24C00E-5BDF-4643-A658-B346A84CCF86}.Release|Win32.ActiveCfg = Release|Win32
		{0F24C00E-5BDF-4643-A658-B346A84CCF86}.Release|Win32.Build.0 = Release|Win32
		{0F24C00E-5BDF-4643-A658-B346A84CCF86}.Release|x64.ActiveCfg = Release|x64
		{0F24C00E-5BDF-4643-A658-B346A84CCF86}.Release|x64.Build.0 = Release|x64
		{CE569C60-B3D6-9944-9F96-15811457D578}.Debug|Win32.ActiveCfg = Debug|Win32
		{CE569C60-B3D6-9944-9F96-15811457D578}.Debug|Win32.Build.0 = Debug|Win32
		{CE569C60-B3D6-9944-9F96-15811457D578}.Debug|x64.ActiveCfg = Debug|x64
		{CE569C60-B3D6-9944-9F96-15811457D578}.Debug|x64.Build.0 = Debug|x64
		{CE569C60-B3D6-9944-9F96-15811457D578}.Release|Win32.ActiveCfg = Release|Win32
		{CE569C60-B3D6-9944-9F96-15811457D578}.Release|Win32.Build.0 = Release|Win32
		{CE569C60-B3D6-9944-9F96-15811457D578}.Release|x64.ActiveCfg = Release|x64
		{CE569C60-B3D6-9944-9F96-15811457D578}.Release|x64.Build.0 = Release|x64
		{F89F2FC4-4A4C-4B41-BE2C-5BA2BFA31C19}.Debug|Win32.ActiveCfg = Debug|Win32
		{F89F2FC4-4A4C-4B41-BE2C-5BA2BFA31C19}.Debug|Win32.Build.0 = Debug|Win32
		{F89F2FC4-4A4C-4B41-BE2C-5BA2BFA31C19}.Debug|x64.ActiveCfg = Debug|x64
		{F89F2FC4-4A4C-4B41-BE2C-5BA2BFA31C19}.Debug|x64.Build.0 = Debug|x64
		{F89F2FC4-4A4C-4B41-BE2C-5BA2BFA31C19}.Release|Win32.ActiveCfg = Release|Win32
		{F89F2FC4-4A4C-4B41-BE2C-5BA2BFA31C19}.Release|Win32.Build.0 = Release|Win32
		{F89F2FC4-4A4C-4B41-BE2C-5BA2BFA31C19}.Release|x64.ActiveCfg = Release|x64
		{F89F2FC4-4A4C-4B41-BE2C-5BA2BFA31C19}.Release|x64.Build.0 = Release|x64
		{4E4B9EFE-C99C-F44D-80A0-EF63C5C9E914}.Debug|Win32.ActiveCfg = Debug|Win32
		{4E4B9EFE-C99C-F44D-80A0-EF63C5C9E914}.Debug|Win32.Build.0 = Debug|Win32
		{4E4B9EFE-C99C-F44D-80A0-EF63C5C9E914}.Debug|x64.ActiveCfg = Debug|x64
		{4E4B9EFE-C99C-F44D-80A0-EF63C5C9E914}.Debug|x64.Build.0 = Debug|x64
		{4E4B9EFE-C99C-F44D-80A0-EF63C5C9E914}.Release|Win32.ActiveCfg = Release|Win32
		{4E4B9EFE-C99C-F44D-80A0-EF63C5C9E914}.Release|Win32.Build.0 = Release|Win32
		{4E4B9EFE-C99C-F44D-80A0-EF63C5C9E914}.Release|x64.ActiveCfg = Release|x64
		{4E4B9EFE-C99C-F44D-80A0-EF63C5C9E914}.Release|x64.Build.0 = Release|x64
		{BA2DBF67-9A5F-A74C-9D3C-0D2424639FB5}.Debug|Win32.ActiveCfg = Debug|Win32
		{BA2DBF67-9A5F-A74C-9D3C-0D2424639FB5}.Debug|Win32.Build.0 = Debug|Win32
		{BA2DBF67-9A5F-A74C-9D3C-0D2424639FB5}.Debug|x64.ActiveCfg = Debug|x64
		{BA2DBF67-9A5F-A74C-9D3C-0D2424639FB5}.Debug|x64.Build.0 = Debug|x64
		{BA2DBF67-9A5F-A74C-9D3C-0D2424639FB5}.Release|Win32.ActiveCfg = Release|Win32
		{BA2DBF67-9A5F-A74C-9D3C-0D2424639FB5}.Release|Win32.Build.0 = Release|Win32
		{BA2DBF67-9A5F-A74C-9D3C-0D2424639FB5}.Release|x64.ActiveCfg = Release|x64
		{BA2DBF67-9A5F-A74C-9D3C-0D2424639FB5}.Release|x64.Build.0 = Release|x64
		{22DDC136-5BCA-C84B-BE7E-DC56FB0B2700}.Debug|Win32.ActiveCfg = Debug|Win32
		{22DDC136-5BCA-C84B-BE7E-DC56FB0B2700}.Debug|Win32.Build.0 = Debug|Win32
		{22DDC136-5BCA-C84B-BE7E-DC56FB0B2700}.Debug|x64.ActiveCfg = Debug|x64
		{22DDC136-5BCA-C84B-BE7E-DC56FB0B2700}.Debug|x64.Build.0 = Debug|x64
		{22DDC136-5BCA-C84B-BE7E-DC56FB0B2700}.Release|Win32.ActiveCfg = Release|Win32
		{22DDC136-5BCA-C84B-BE7E-DC56FB0B2700}.Release|Win32.Build.0 = Release|Win32
		{22DDC136-5BCA-C84B-BE7E-DC56FB0B2700}.Release|x64.ActiveCfg = Release|x64
		{22DDC136-5BCA-C84B-BE7E-DC56FB0B2700}.Release|x64.Build.0 = Release|x64
		{26A51721-E6C9-4C42-92F1-765A22927DE1}.Debug|Win32.ActiveCfg = Debug|Win32
		{26A51721-E6C9-4C42-92F1-765A22927DE1}.Debug|Win32.Build.0 = Debug|Win32
		{26A51721-E6C9-4C42-92F1-765A22927DE1}.Debug|x64.ActiveCfg = Debug|x64
		{26A51721-E6C9-4C42-92F1-765A22927DE1}.Debug|x64.Build.0 = Debug|x64
		{26A51721-E6C9-4C42-92F1-765A22927DE1}.Release|Win32.ActiveCfg = Release|Win32
		{26A51721-E6C9-4C42-92F1-765A22927DE1}.Release|Win32.Build.0 = Release|Win32
		{26A51721-E6C9-4C42-92F1-765A22927DE1}.Release|x64.ActiveCfg = Release|x64
		{26A51721-E6C9-4C42-92F1-765A22927DE1}.Release|x64.Build.0 = Release|x64
		{5FB4EFBB-1354-4C4F-AB90-C4A73473259C}.Debug|Win32.ActiveCfg = Debug|Win32
		{5FB4EFBB-1354-4C4F-AB90-C4A73473259C}.Debug|Win32.Build.0 = Debug|Win32
		{5FB4EFBB-1354-4C4F-AB90-C4A73473259C}.Debug|x64.ActiveCfg = Debug|x64
		{5FB4EFBB-1354-4C4F-AB90-C4A73473259C}.Debug|x64.Build.0 = Debug|x64
		{5FB4EFBB-1354-4C4F-AB90-C4A73473259C}.Release|Win32.ActiveCfg = Release|Win32
		{5FB4EFBB-1354-4C4F-AB90-C4A73473259C}.Release|Win32.Build.0 = Release|Win32
		{5FB4EFBB-1354-4C4F-AB90-C4A73473259C}.Release|x64.ActiveCfg = Release|x64
		{5FB4EFBB-1354-4C4F-AB90-C4A73473259C}.Release|x64.Build.0 = Release|x64
		{6B8BF5A2-A70A-5144-8C09-A24FA81D59ED}.Debug|Win32.ActiveCfg = Debug|Win32
		{6B8BF5A2-A70A-5144-8C09-A24FA81D59ED}.Debug|Win32.Build.0 = Debug|Win32
		{6B8BF5A2-A70A-5144-8C09-A24FA81D59ED}.Debug|x64.ActiveCfg = Debug|x64
		{6B8BF5A2-A70A-5144-8C09-A24FA81D59ED}.Debug|x64.Build.0 = Debug|x64
		{6B8BF5A2-A70A-5144-8C09-A24FA81D59ED}.Release|Win32.ActiveCfg = Release|Win32
		{6B8BF5A2-A70A-5144-8C09-A24FA81D59ED}.Release|Win32.Build.0 = Release|Win32
		{6B8BF5A2-A70A-5144-8C09-A24FA81D59ED}.Release|x64.ActiveCfg = Release|x64
		{6B8BF5A2-A70A-5144-8C09-A24FA81D59ED}.Release|x64.Build.0 = Release|x64
		{C1002786-DEF3-544C-9324-14A8AC6FF896}.Debug|Win32.ActiveCfg = Debug|Win32
		{C1002786-DEF3-544C-9324-14A8AC6FF896}.Debug|Win32.Build.0 = Debug|Win32
		{C1002786-DEF3-544C-9324-14A8AC6FF896}.Debug|x64.ActiveCfg = Debug|x64
		{C1002786-DEF3-544C-9324-14A8AC6FF896}.Debug|x64.Build.0 = Debug|x64
		{C1002786-DEF3-544C-9324-14A8AC6FF896}.Release|Win32.ActiveCfg = Release|Win32
		{C1002786-DEF3-544C-9324-14A8AC6FF896}.Release|Win32.Build.0 = Release|Win32
		{C1002786-DEF3-544C-9324-14A8AC6FF896}.Release|x64.ActiveCfg = Release|x64
		{C1002786-DEF3-544C-9324-14A8AC6FF896}.Release|x64.Build.0 = Release|x64
		{91DED7F7-436D-0F4E-A7F0-A64F837DE2B2}.Debug|Win32.ActiveCfg = Debug|Win32
		{91DED7F7-436D-0F4E-A7F0-A64F837DE2B2}.Debug|Win32.Build.0 = Debug|Win32
		{91DED7F7-436D-0F4E-A7F0-A64F837DE2B2}.Debug|x64.ActiveCfg = Debug|x64
		{91DED7F7-436D-0F4E-A7F0-A64F837DE2B2}.Debug|x64.Build.0 = Debug|x64
		{91DED7F7-436D-0F4E-A7F0-A64F837DE2B2}.Release|Win32.ActiveCfg = Release|Win32
		{91DED7F7-436D-0F4E-A7F0-A64F837DE2B2}.Release|Win32.Build.0 = Release|Win32
		{91DED7F7-436D-0F4E-A7F0-A64F837DE2B2}.Release|x64.ActiveCfg = Release|x64
		{91DED7F7-436D-0F4E-A7F0-A64F837DE2B2}.Release|x64.Build.0 = Release|x64
		{67C578E8-DDDA-DF42-A684-F51F534C154F}.Debug|Win32.ActiveCfg = Debug|Win32
		{67C578E8-DDDA-DF42-A684-F51F534C154F}.Debug|Win32.Build.0 = Debug|Win32
		{67C578E8-DDDA-DF42-A684-F51F534C154F}.Debug|x64.ActiveCfg = Debug|x64
		{67C578E8-DDDA-DF42-A684-F51F534C154F}.Debug|x64.Build.0 = Debug|x64
		{67C578E8-DDDA-DF42-A684-F51F534C154F}.Release|Win32.ActiveCfg = Release|Win32
		{67C578E8-DDDA-DF42-A684-F51F534C154F}.Release|Win32.Build.0 = Release|Win32
		{67C578E8-DDDA-DF42-A684-F51F534C154F}.Release|x64.ActiveCfg = Release|x64
		{67C578E8-DDDA-DF42-A684-F51F534C154F}.Release|x64.Build.0 = Release|x64
		{A3E1F891-608A-9643-83D5-2ECA5759F5AB}.Debug|Win32.ActiveCfg = Debug|Win32
		{A3E1F891-608A-9643-83D5-2ECA5759F5AB}.Debug|Win32.Build.0 = Debug|Win32
		{A3E1F891-608A-9643-83D5-2ECA5759F5AB}.Debug|x64.ActiveCfg = Debug|x64
		{A3E1F891-608A-9643-83D5-2ECA5759F5AB}.Debug|x64.Build.0 = Debug|x64
		{A3E1F891-608A-9643-83D5-2ECA5759F5AB}.Release|Win32.ActiveCfg = Release|Win32
		{A3E1F891-608A-9643-83D5-2ECA5759F5AB}.Release|Win32.Build.0 = Release|Win32
		{A3E1F891-608A-9643-83D5-2ECA5759F5AB}.Release|x64.ActiveCfg = Release|x64
		{A3E1F891-608A-9643-83D5-2ECA5759F5AB}.Release|x64.Build.0 = Release|x64
		{A358702C-C7DC-F941-B856-17F6F504E2FD}.Debug|Win32.ActiveCfg = Debug|Win32
		{A358702C-C7DC-F941-B856-17F6F504E2FD}.Debug|Win32.Build.0 = Debug|Win32
		{A358702C-C7DC-F941-B856-17F6F504E2FD}.Debug|x64.ActiveCfg = Debug|x64
		{A358702C-C7DC-F941-B856-17F6F504E2FD}.Debug|x64.Build.0 = Debug|x64
		{A358702C-C7DC-F941-B856-17F6F504E2FD}.Release|Win32.ActiveCfg = Release|Win32
		{A358702C-C7DC-F941-B856-17F6F504E2FD}.Release|Win32.Build.0 = Release|Win32
		{A358702C-C7DC-F941-B856-17F6F504E2FD}.Release|x64.ActiveCfg = Release|x64
		{A358702C-C7DC-F941-B856-17F6F504E2FD}.Release|x64.Build.0 = Release|x64
		{9D100587-5505-3547-BC97-BC1D5C1133A8}.Debug|Win32.ActiveCfg = Debug|Win32
		{9D100587-5505-3547-BC97-BC1D5C1133A8}.Debug|Win32.Build.0 = Debug|Win32
		{9D100587-5505-3547-BC97-BC1D5C1133A8}.Debug|x64.ActiveCfg = Debug|x64
		{9D100587-5505-3547-BC97-BC1D5C1133A8}.Debug|x64.Build.0 = Debug|x64
		{9D100587-5505-3547-BC97-BC1D5C1133A8}.Release|Win32.ActiveCfg = Release|Win32
		{9D100587-5505-3547-BC97-BC1D5C1133A8}.Release|Win32.Build.0 = Release|Win32
		{9D100587-5505-3547-BC97-BC1D5C1133A8}.Release|x64.ActiveCfg = Release|x64
		{9D100587-5505-3547-BC97-BC1D5C1133A8}.Release|x64.Build.0 = Release|x64
		{3610A4B6-95AE-3447-8242-085935CB9B10}.Debug|Win32.ActiveCfg = Debug|Win32
		{3610A4B6-95AE-3447-8242-085935CB9B10}.Debug|Win32.Build.0 = Debug|Win32
		{3610A4B6-95AE-3447-8242-085935CB9B10}.Debug|x64.ActiveCfg = Debug|x64
		{3610A4B6-95AE-3447-8242-085935CB9B10}.Debug|x64.Build.0 = Debug|x64
		{3610A4B6-95AE-3447-8242-085935CB9B10}.Release|Win32.ActiveCfg = Release|Win32
		{3610A4B6-95AE-3447-8242-085935CB9B10}.Release|Win32.Build.0 = Release|Win32
		{3610A4B6-95AE-3447-8242-085935CB9B10}.Release|x64.ActiveCfg = Release|x64
		{3610A4B6-95AE-3447-8242-085935CB9B10}.Release|x64.Build.0 = Release|x64
		{24C40356-303F-F645-839F-F92D5FEF64CB}.Debug|Win32.ActiveCfg = Debug|Win32
		{24C40356-303F-F645-839F-F92D5FEF64CB}.Debug|Win32.Build.0 = Debug|Win32
		{24C40356-303F-F645-839F-F92D5FEF64CB}.Debug|x64.ActiveCfg = Debug|x64
		{24C40356-303F-F645-839F-F92D5FEF64CB}.Debug|x64.Build.0 = Debug|x64
		{24C40356-303F-F645-839F-F92D5FEF64CB}.Release|Win32.ActiveCfg = Release|Win32
		{24C40356-303F-F645-839F-F92D5FEF64CB}.Release|Win32.Build.0 = Release|Win32
		{24C40356-303F-F645-839F-F92D5FEF64CB}.Release|x64.ActiveCfg = Release|x64
		{24C40356-303F-F645-839F-F92D5FEF64CB}.Release|x64.Build.0 = Release|x64
		{A6A90AAE-4052-F044-930E-E9AA7D40D3C2}.Debug|Win32.ActiveCfg = Debug|Win32
		{A6A90AAE-4052-F044-930E-E9AA7D40D3C2}.Debug|Win32.Build.0 = Debug|Win32
		{A6A90AAE-4052-F044-930E-E9AA7D40D3C2}.Debug|x64.ActiveCfg = Debug|x64
		{A6A90AAE-4052-F044-930E-E9AA7D40D3C2}.Debug|x64.Build.0 = Debug|x64
		{A6A90AAE-4052-F044-930E-E9AA7D40D3C2}.Release|Win32.ActiveCfg = Release|Win32
		{A6A90AAE-4052-F044-930E-E9AA7D40D3C2}.Release|Win32.Build.0 = Release|Win32
		{A6A90AAE-4052-F044-930E-E9AA7D40D3C2}.Release|x64.ActiveCfg = Release|x64
		{A6A90AAE-4052-F044-930E-E9AA7D40D3C2}.Release|x64.Build.0 = Release|x64
		{ADCFED9A-E56E-E440-B14B-8DF86A36F142}.Debug|Win32.ActiveCfg = Debug|Win32
		{ADCFED9A-E56E-E440-B14B-8DF86A36F142}.Debug|Win32.Build.0 = Debug|Win32
		{ADCFED9A-E56E-E440-B14B-8DF86A36F142}.Debug|x64.ActiveCfg = Debug|x64
		{ADCFED9A-E56E-E440-B14B-8DF86A36F142}.Debug|x64.Build.0 = Debug|x64
		{ADCFED9A-E56E-E440-B14B-8DF86A36F142}.Release|Win32.ActiveCfg = Release|Win32
		{ADCFED9A-E56E-E440-B14B-8DF86A36F142}.Release|Win32.Build.0 = Release|Win32
		{ADCFED9A-E56E-E440-B14B-8DF86A36F142}.Release|x64.ActiveCfg = Release|x64
		{ADCFED9A-E56E-E440-B14B-8DF86A36F142}.Release|x64.Build.0 = Release|x64
		{DC95E089-A36F-E041-A7CD-54DF1737639B}.Debug|Win32.ActiveCfg = Debug|Win32
		{DC95E089-A36F-E041-A7CD-54DF1737639B}.Debug|Win32.Build.0 = Debug|Win32
		{DC95E089-A36F-E041-A7CD-54DF1737639B}.Debug|x64.ActiveCfg = Debug|x64
		{DC95E089-A36F-E041-A7CD-54DF1737639B}.Debug|x64.Build.0 = Debug|x64
		{DC95E089-A36F-E041-A7CD-54DF1737639B}.Release|Win32.ActiveCfg = Release|Win32
		{DC95E089-A36F-E041-A7CD-54DF1737639B}.Release|Win32.Build.0 = Release|Win32
		{DC95E089-A36F-E041-A7CD-54DF1737639B}.Release|x64.ActiveCfg = Release|x64
		{DC95E089-A36F-E041-A7CD-54DF1737639B}.Release|x64.Build.0 = Release|x64
		{40EA9FB9-B6A7-0546-BB80-77339701554E}.Debug|Win32.ActiveCfg = Debug|Win32
		{40EA9FB9-B6A7-0546-BB80-77339701554E}.Debug|Win32.Build.0 = Debug|Win32
		{40EA9FB9-B6A7-0546-BB80-77339701554E}.Debug|x64.ActiveCfg = Debug|x64
		{40EA9FB9-B6A7-0546-BB80-77339701554E}.Debug|x64.Build.0 = Debug|x64
		{40EA9FB9-B6A7-0546-BB80-77339701554E}.Release|Win32.ActiveCfg = Release|Win32
		{40EA9FB9-B6A7-0546-BB80-77339701554E}.Release|Win32.Build.0 = Release|Win32
		{40EA9FB9-B6A7-0546-BB80-77339701554E}.Release|x64.ActiveCfg = Release|x64
		{40EA9FB9-B6A7-0546-BB80-77339701554E}.Release|x64.Build.0 = Release|x64
		{E9A76716-EF48-2D48-B6AE-09A54F748CAE}.Debug|Win32.ActiveCfg = Debug|Win32
		{E9A76716-EF48-2D48-B6AE-09A54F748CAE}.Debug|Win32.Build.0 = Debug|Win32
		{E9A76716-EF48-2D48-B6AE-09A54F748CAE}.Debug|x64.ActiveCfg = Debug|x64
		{E9A76716-EF48-2D48-B6AE-09A54F748CAE}.Debug|x64.Build.0 = Debug|x64
		{E9A76716-EF48-2D48-B6AE-09A54F748CAE}.Release|Win32.ActiveCfg = Release|Win32
		{E9A76716-EF48-2D48-B6AE-09A54F748CAE}.Release|Win32.Build.0 = Release|Win32
		{E9A76716-EF48-2D48-B6AE-09A54F748CAE}.Release|x64.ActiveCfg = Release|x64
		{E9A76716-EF48-2D48-B6AE-09A54F748CAE}.Release|x64.Build.0 = Release|x64
		{AB8F39AF-4882-4354-8119-0C015F6FEC48}.Debug|Win32.ActiveCfg = Debug|Win32
		{AB8F39AF-4882-4354-8119-0C015F6FEC48}.Debug|Win32.Build.0 = Debug|Win32
		{AB8F39AF-4882-4354-8119-0C015F6FEC48}.Debug|x64.ActiveCfg = Debug|Win32
		{AB8F39AF-4882-4354-8119-0C015F6FEC48}.Release|Win32.ActiveCfg = Release|Win32
		{AB8F39AF-4882-4354-8119-0C015F6FEC48}.Release|Win32.Build.0 = Release|Win32
		{AB8F39AF-4882-4354-8119-0C015F6FEC48}.Release|x64.ActiveCfg = Release|Win32
	EndGlobalSection
	GlobalSection(SolutionProperties) = preSolution
		HideSolutionNode = FALSE
	EndGlobalSection
EndGlobal
