<?xml version="1.0" encoding="utf-8"?>
<Project ToolsVersion="4.0" xmlns="http://schemas.microsoft.com/developer/msbuild/2003">
  <ItemGroup>
    <Filter Include="Extras">
      <UniqueIdentifier>{6C84969A-974A-DC49-B402-3FC3DF9368F5}</UniqueIdentifier>
    </Filter>
    <Filter Include="Extras\HACD">
      <UniqueIdentifier>{22E477BC-3D47-2045-A7EF-482CF1750161}</UniqueIdentifier>
    </Filter>
  </ItemGroup>
  <ItemGroup>
    <ClInclude Include="..\..\Extras\HACD\hacdCircularList.h">
      <Filter>Extras\HACD</Filter>
    </ClInclude>
    <ClInclude Include="..\..\Extras\HACD\hacdGraph.h">
      <Filter>Extras\HACD</Filter>
    </ClInclude>
    <ClInclude Include="..\..\Extras\HACD\hacdHACD.h">
      <Filter>Extras\HACD</Filter>
    </ClInclude>
    <ClInclude Include="..\..\Extras\HACD\hacdICHull.h">
      <Filter>Extras\HACD</Filter>
    </ClInclude>
    <ClInclude Include="..\..\Extras\HACD\hacdManifoldMesh.h">
      <Filter>Extras\HACD</Filter>
    </ClInclude>
    <ClInclude Include="..\..\Extras\HACD\hacdVector.h">
      <Filter>Extras\HACD</Filter>
    </ClInclude>
    <ClInclude Include="..\..\Extras\HACD\hacdVersion.h">
      <Filter>Extras\HACD</Filter>
    </ClInclude>
  </ItemGroup>
  <ItemGroup>
    <ClCompile Include="..\..\Extras\HACD\hacdGraph.cpp">
      <Filter>Extras\HACD</Filter>
    </ClCompile>
    <ClCompile Include="..\..\Extras\HACD\hacdHACD.cpp">
      <Filter>Extras\HACD</Filter>
    </ClCompile>
    <ClCompile Include="..\..\Extras\HACD\hacdICHull.cpp">
      <Filter>Extras\HACD</Filter>
    </ClCompile>
    <ClCompile Include="..\..\Extras\HACD\hacdManifoldMesh.cpp">
      <Filter>Extras\HACD</Filter>
    </ClCompile>
  </ItemGroup>
</Project>
