
Microsoft Visual Studio Solution File, Format Version 12.00
# Visual Studio 2013
VisualStudioVersion = 12.0.21005.1
MinimumVisualStudioVersion = 10.0.40219.1
Project("{8BC9CEB8-8B4A-11D0-8D11-00A0C91BC942}") = "Application", "Application\Application.vcxproj", "{28A90E4B-CBFC-404E-9934-2146F19A8C64}"
	ProjectSection(ProjectDependencies) = postProject
		{84F8E699-7DC9-4E84-9677-C38FB5F2BF2F} = {84F8E699-7DC9-4E84-9677-C38FB5F2BF2F}
		{ADCFED9A-E56E-E440-B14B-8DF86A36F142} = {ADCFED9A-E56E-E440-B14B-8DF86A36F142}
		{DD6D26AA-E01C-4600-8BC6-2F768A74CA8B} = {DD6D26AA-E01C-4600-8BC6-2F768A74CA8B}
	EndProjectSection
EndProject
Project("{8BC9CEB8-8B4A-11D0-8D11-00A0C91BC942}") = "Rendering", "Rendering\Rendering.vcxproj", "{B7A9766D-22D7-48E8-B28A-C48C6E42AF98}"
	ProjectSection(ProjectDependencies) = postProject
		{E9A76716-EF48-2D48-B6AE-09A54F748CAE} = {E9A76716-EF48-2D48-B6AE-09A54F748CAE}
		{DC95E089-A36F-E041-A7CD-54DF1737639B} = {DC95E089-A36F-E041-A7CD-54DF1737639B}
		{ADCFED9A-E56E-E440-B14B-8DF86A36F142} = {ADCFED9A-E56E-E440-B14B-8DF86A36F142}
		{40EA9FB9-B6A7-0546-BB80-77339701554E} = {40EA9FB9-B6A7-0546-BB80-77339701554E}
		{2CC601E3-E95D-4C55-B786-474F898780F5} = {2CC601E3-E95D-4C55-B786-474F898780F5}
		{BBDEE9F7-C011-44DC-A8F4-86CC2B87ADC7} = {BBDEE9F7-C011-44DC-A8F4-86CC2B87ADC7}
	EndProjectSection
EndProject
Project("{8BC9CEB8-8B4A-11D0-8D11-00A0C91BC942}") = "Helpers", "Helpers\Helpers.vcxproj", "{DD6D26AA-E01C-4600-8BC6-2F768A74CA8B}"
EndProject
Project("{8BC9CEB8-8B4A-11D0-8D11-00A0C91BC942}") = "Math", "Math\Math.vcxproj", "{BBDEE9F7-C011-44DC-A8F4-86CC2B87ADC7}"
EndProject
Project("{8BC9CEB8-8B4A-11D0-8D11-00A0C91BC942}") = "Input", "Input\Input.vcxproj", "{C60FCE67-02E6-493E-BA76-03CC04043046}"
EndProject
Project("{8BC9CEB8-8B4A-11D0-8D11-00A0C91BC942}") = "Memory", "Memory\Memory.vcxproj", "{84F8E699-7DC9-4E84-9677-C38FB5F2BF2F}"
EndProject
Project("{2150E333-8FDC-42A3-9474-1A3956D46DE8}") = "Bullet", "Bullet", "{CCDD3102-3211-43ED-B109-D80851885894}"
EndProject
Project("{8BC9CEB8-8B4A-11D0-8D11-00A0C91BC942}") = "BulletCollision", "BulletPhysics\build3\vs2010\BulletCollision.vcxproj", "{40EA9FB9-B6A7-0546-BB80-77339701554E}"
EndProject
Project("{8BC9CEB8-8B4A-11D0-8D11-00A0C91BC942}") = "BulletDynamics", "BulletPhysics\build3\vs2010\BulletDynamics.vcxproj", "{DC95E089-A36F-E041-A7CD-54DF1737639B}"
EndProject
Project("{8BC9CEB8-8B4A-11D0-8D11-00A0C91BC942}") = "LinearMath", "BulletPhysics\build3\vs2010\LinearMath.vcxproj", "{E9A76716-EF48-2D48-B6AE-09A54F748CAE}"
EndProject
Project("{8BC9CEB8-8B4A-11D0-8D11-00A0C91BC942}") = "PhysicsEngine", "PhysicsEngine\PhysicsEngine.vcxproj", "{2CC601E3-E95D-4C55-B786-474F898780F5}"
	ProjectSection(ProjectDependencies) = postProject
		{ADCFED9A-E56E-E440-B14B-8DF86A36F142} = {ADCFED9A-E56E-E440-B14B-8DF86A36F142}
	EndProjectSection
EndProject
Project("{8BC9CEB8-8B4A-11D0-8D11-00A0C91BC942}") = "AssetSerializer", "AssetSerializer\AssetSerializer.vcxproj", "{EC4A3A1F-D72F-4713-B6A8-A61DF72D0B76}"
EndProject
Project("{8BC9CEB8-8B4A-11D0-8D11-00A0C91BC942}") = "Networking", "Networking\Networking.vcxproj", "{3D0273AE-8C72-430C-A0E5-5968CF2EAB39}"
EndProject
Project("{8BC9CEB8-8B4A-11D0-8D11-00A0C91BC942}") = "NetworkingServer", "NetworkingServer\NetworkingServer.vcxproj", "{2364F4FD-144A-42AF-B188-F9DEDD91FA49}"
EndProject
Project("{8BC9CEB8-8B4A-11D0-8D11-00A0C91BC942}") = "NetworkingClient", "NetworkingClient\NetworkingClient.vcxproj", "{DD7A5D17-150E-4A4A-86AF-851568A1774A}"
EndProject
Project("{2150E333-8FDC-42A3-9474-1A3956D46DE8}") = "Net", "Net", "{00F19FE8-3222-4A71-977D-48637DED5B88}"
EndProject
Project("{8BC9CEB8-8B4A-11D0-8D11-00A0C91BC942}") = "enet", "enet\enet.vcxproj", "{DA0DB155-241D-4870-9D96-A5E19F002AA5}"
EndProject
Project("{8BC9CEB8-8B4A-11D0-8D11-00A0C91BC942}") = "BulletSoftBody", "BulletPhysics\build3\vs2010\BulletSoftBody.vcxproj", "{ADCFED9A-E56E-E440-B14B-8DF86A36F142}"
EndProject
Project("{8BC9CEB8-8B4A-11D0-8D11-00A0C91BC942}") = "AI", "AI\AI.vcxproj", "{EA8B500E-59FA-4A79-8398-08F85F821CC7}"
EndProject
Global
	GlobalSection(SolutionConfigurationPlatforms) = preSolution
		Debug|Mixed Platforms = Debug|Mixed Platforms
		Debug|ORBIS = Debug|ORBIS
		Debug|Win32 = Debug|Win32
		Debug|x64 = Debug|x64
		Release|Mixed Platforms = Release|Mixed Platforms
		Release|ORBIS = Release|ORBIS
		Release|Win32 = Release|Win32
		Release|x64 = Release|x64
	EndGlobalSection
	GlobalSection(ProjectConfigurationPlatforms) = postSolution
		{28A90E4B-CBFC-404E-9934-2146F19A8C64}.Debug|Mixed Platforms.ActiveCfg = Debug|Win32
		{28A90E4B-CBFC-404E-9934-2146F19A8C64}.Debug|Mixed Platforms.Build.0 = Debug|Win32
		{28A90E4B-CBFC-404E-9934-2146F19A8C64}.Debug|ORBIS.ActiveCfg = Debug|ORBIS
		{28A90E4B-CBFC-404E-9934-2146F19A8C64}.Debug|ORBIS.Build.0 = Debug|ORBIS
		{28A90E4B-CBFC-404E-9934-2146F19A8C64}.Debug|Win32.ActiveCfg = Debug|Win32
		{28A90E4B-CBFC-404E-9934-2146F19A8C64}.Debug|Win32.Build.0 = Debug|Win32
		{28A90E4B-CBFC-404E-9934-2146F19A8C64}.Debug|x64.ActiveCfg = Debug|Win32
		{28A90E4B-CBFC-404E-9934-2146F19A8C64}.Release|Mixed Platforms.ActiveCfg = Release|Win32
		{28A90E4B-CBFC-404E-9934-2146F19A8C64}.Release|Mixed Platforms.Build.0 = Release|Win32
		{28A90E4B-CBFC-404E-9934-2146F19A8C64}.Release|ORBIS.ActiveCfg = Release|ORBIS
		{28A90E4B-CBFC-404E-9934-2146F19A8C64}.Release|ORBIS.Build.0 = Release|ORBIS
		{28A90E4B-CBFC-404E-9934-2146F19A8C64}.Release|Win32.ActiveCfg = Release|Win32
		{28A90E4B-CBFC-404E-9934-2146F19A8C64}.Release|Win32.Build.0 = Release|Win32
		{28A90E4B-CBFC-404E-9934-2146F19A8C64}.Release|x64.ActiveCfg = Release|Win32
		{B7A9766D-22D7-48E8-B28A-C48C6E42AF98}.Debug|Mixed Platforms.ActiveCfg = Debug|Win32
		{B7A9766D-22D7-48E8-B28A-C48C6E42AF98}.Debug|Mixed Platforms.Build.0 = Debug|Win32
		{B7A9766D-22D7-48E8-B28A-C48C6E42AF98}.Debug|ORBIS.ActiveCfg = Debug|ORBIS
		{B7A9766D-22D7-48E8-B28A-C48C6E42AF98}.Debug|ORBIS.Build.0 = Debug|ORBIS
		{B7A9766D-22D7-48E8-B28A-C48C6E42AF98}.Debug|Win32.ActiveCfg = Debug|Win32
		{B7A9766D-22D7-48E8-B28A-C48C6E42AF98}.Debug|Win32.Build.0 = Debug|Win32
		{B7A9766D-22D7-48E8-B28A-C48C6E42AF98}.Debug|x64.ActiveCfg = Debug|Win32
		{B7A9766D-22D7-48E8-B28A-C48C6E42AF98}.Release|Mixed Platforms.ActiveCfg = Release|Win32
		{B7A9766D-22D7-48E8-B28A-C48C6E42AF98}.Release|Mixed Platforms.Build.0 = Release|Win32
		{B7A9766D-22D7-48E8-B28A-C48C6E42AF98}.Release|ORBIS.ActiveCfg = Release|ORBIS
		{B7A9766D-22D7-48E8-B28A-C48C6E42AF98}.Release|ORBIS.Build.0 = Release|ORBIS
		{B7A9766D-22D7-48E8-B28A-C48C6E42AF98}.Release|Win32.ActiveCfg = Release|Win32
		{B7A9766D-22D7-48E8-B28A-C48C6E42AF98}.Release|Win32.Build.0 = Release|Win32
		{B7A9766D-22D7-48E8-B28A-C48C6E42AF98}.Release|x64.ActiveCfg = Release|Win32
		{DD6D26AA-E01C-4600-8BC6-2F768A74CA8B}.Debug|Mixed Platforms.ActiveCfg = Debug|Win32
		{DD6D26AA-E01C-4600-8BC6-2F768A74CA8B}.Debug|Mixed Platforms.Build.0 = Debug|Win32
		{DD6D26AA-E01C-4600-8BC6-2F768A74CA8B}.Debug|ORBIS.ActiveCfg = Debug|ORBIS
		{DD6D26AA-E01C-4600-8BC6-2F768A74CA8B}.Debug|ORBIS.Build.0 = Debug|ORBIS
		{DD6D26AA-E01C-4600-8BC6-2F768A74CA8B}.Debug|Win32.ActiveCfg = Debug|Win32
		{DD6D26AA-E01C-4600-8BC6-2F768A74CA8B}.Debug|Win32.Build.0 = Debug|Win32
		{DD6D26AA-E01C-4600-8BC6-2F768A74CA8B}.Debug|x64.ActiveCfg = Debug|Win32
		{DD6D26AA-E01C-4600-8BC6-2F768A74CA8B}.Release|Mixed Platforms.ActiveCfg = Release|Win32
		{DD6D26AA-E01C-4600-8BC6-2F768A74CA8B}.Release|Mixed Platforms.Build.0 = Release|Win32
		{DD6D26AA-E01C-4600-8BC6-2F768A74CA8B}.Release|ORBIS.ActiveCfg = Release|ORBIS
		{DD6D26AA-E01C-4600-8BC6-2F768A74CA8B}.Release|ORBIS.Build.0 = Release|ORBIS
		{DD6D26AA-E01C-4600-8BC6-2F768A74CA8B}.Release|Win32.ActiveCfg = Release|Win32
		{DD6D26AA-E01C-4600-8BC6-2F768A74CA8B}.Release|Win32.Build.0 = Release|Win32
		{DD6D26AA-E01C-4600-8BC6-2F768A74CA8B}.Release|x64.ActiveCfg = Release|Win32
		{BBDEE9F7-C011-44DC-A8F4-86CC2B87ADC7}.Debug|Mixed Platforms.ActiveCfg = Debug|Win32
		{BBDEE9F7-C011-44DC-A8F4-86CC2B87ADC7}.Debug|Mixed Platforms.Build.0 = Debug|Win32
		{BBDEE9F7-C011-44DC-A8F4-86CC2B87ADC7}.Debug|ORBIS.ActiveCfg = Debug|ORBIS
		{BBDEE9F7-C011-44DC-A8F4-86CC2B87ADC7}.Debug|ORBIS.Build.0 = Debug|ORBIS
		{BBDEE9F7-C011-44DC-A8F4-86CC2B87ADC7}.Debug|Win32.ActiveCfg = Debug|Win32
		{BBDEE9F7-C011-44DC-A8F4-86CC2B87ADC7}.Debug|Win32.Build.0 = Debug|Win32
		{BBDEE9F7-C011-44DC-A8F4-86CC2B87ADC7}.Debug|x64.ActiveCfg = Debug|Win32
		{BBDEE9F7-C011-44DC-A8F4-86CC2B87ADC7}.Release|Mixed Platforms.ActiveCfg = Release|Win32
		{BBDEE9F7-C011-44DC-A8F4-86CC2B87ADC7}.Release|Mixed Platforms.Build.0 = Release|Win32
		{BBDEE9F7-C011-44DC-A8F4-86CC2B87ADC7}.Release|ORBIS.ActiveCfg = Release|ORBIS
		{BBDEE9F7-C011-44DC-A8F4-86CC2B87ADC7}.Release|ORBIS.Build.0 = Release|ORBIS
		{BBDEE9F7-C011-44DC-A8F4-86CC2B87ADC7}.Release|Win32.ActiveCfg = Release|Win32
		{BBDEE9F7-C011-44DC-A8F4-86CC2B87ADC7}.Release|Win32.Build.0 = Release|Win32
		{BBDEE9F7-C011-44DC-A8F4-86CC2B87ADC7}.Release|x64.ActiveCfg = Release|Win32
		{C60FCE67-02E6-493E-BA76-03CC04043046}.Debug|Mixed Platforms.ActiveCfg = Debug|Win32
		{C60FCE67-02E6-493E-BA76-03CC04043046}.Debug|Mixed Platforms.Build.0 = Debug|Win32
		{C60FCE67-02E6-493E-BA76-03CC04043046}.Debug|ORBIS.ActiveCfg = Debug|ORBIS
		{C60FCE67-02E6-493E-BA76-03CC04043046}.Debug|ORBIS.Build.0 = Debug|ORBIS
		{C60FCE67-02E6-493E-BA76-03CC04043046}.Debug|Win32.ActiveCfg = Debug|Win32
		{C60FCE67-02E6-493E-BA76-03CC04043046}.Debug|Win32.Build.0 = Debug|Win32
		{C60FCE67-02E6-493E-BA76-03CC04043046}.Debug|x64.ActiveCfg = Debug|Win32
		{C60FCE67-02E6-493E-BA76-03CC04043046}.Release|Mixed Platforms.ActiveCfg = Release|Win32
		{C60FCE67-02E6-493E-BA76-03CC04043046}.Release|Mixed Platforms.Build.0 = Release|Win32
		{C60FCE67-02E6-493E-BA76-03CC04043046}.Release|ORBIS.ActiveCfg = Release|ORBIS
		{C60FCE67-02E6-493E-BA76-03CC04043046}.Release|ORBIS.Build.0 = Release|ORBIS
		{C60FCE67-02E6-493E-BA76-03CC04043046}.Release|Win32.ActiveCfg = Release|Win32
		{C60FCE67-02E6-493E-BA76-03CC04043046}.Release|Win32.Build.0 = Release|Win32
		{C60FCE67-02E6-493E-BA76-03CC04043046}.Release|x64.ActiveCfg = Release|Win32
		{84F8E699-7DC9-4E84-9677-C38FB5F2BF2F}.Debug|Mixed Platforms.ActiveCfg = Debug|Win32
		{84F8E699-7DC9-4E84-9677-C38FB5F2BF2F}.Debug|Mixed Platforms.Build.0 = Debug|Win32
		{84F8E699-7DC9-4E84-9677-C38FB5F2BF2F}.Debug|ORBIS.ActiveCfg = Debug|ORBIS
		{84F8E699-7DC9-4E84-9677-C38FB5F2BF2F}.Debug|ORBIS.Build.0 = Debug|ORBIS
		{84F8E699-7DC9-4E84-9677-C38FB5F2BF2F}.Debug|Win32.ActiveCfg = Debug|Win32
		{84F8E699-7DC9-4E84-9677-C38FB5F2BF2F}.Debug|Win32.Build.0 = Debug|Win32
		{84F8E699-7DC9-4E84-9677-C38FB5F2BF2F}.Debug|x64.ActiveCfg = Debug|Win32
		{84F8E699-7DC9-4E84-9677-C38FB5F2BF2F}.Release|Mixed Platforms.ActiveCfg = Release|Win32
		{84F8E699-7DC9-4E84-9677-C38FB5F2BF2F}.Release|Mixed Platforms.Build.0 = Release|Win32
		{84F8E699-7DC9-4E84-9677-C38FB5F2BF2F}.Release|ORBIS.ActiveCfg = Release|ORBIS
		{84F8E699-7DC9-4E84-9677-C38FB5F2BF2F}.Release|ORBIS.Build.0 = Release|ORBIS
		{84F8E699-7DC9-4E84-9677-C38FB5F2BF2F}.Release|Win32.ActiveCfg = Release|Win32
		{84F8E699-7DC9-4E84-9677-C38FB5F2BF2F}.Release|Win32.Build.0 = Release|Win32
		{84F8E699-7DC9-4E84-9677-C38FB5F2BF2F}.Release|x64.ActiveCfg = Release|Win32
		{40EA9FB9-B6A7-0546-BB80-77339701554E}.Debug|Mixed Platforms.ActiveCfg = Debug|Win32
		{40EA9FB9-B6A7-0546-BB80-77339701554E}.Debug|Mixed Platforms.Build.0 = Debug|Win32
		{40EA9FB9-B6A7-0546-BB80-77339701554E}.Debug|ORBIS.ActiveCfg = Debug|ORBIS
		{40EA9FB9-B6A7-0546-BB80-77339701554E}.Debug|ORBIS.Build.0 = Debug|ORBIS
		{40EA9FB9-B6A7-0546-BB80-77339701554E}.Debug|Win32.ActiveCfg = Debug|Win32
		{40EA9FB9-B6A7-0546-BB80-77339701554E}.Debug|Win32.Build.0 = Debug|Win32
		{40EA9FB9-B6A7-0546-BB80-77339701554E}.Debug|x64.ActiveCfg = Debug|x64
		{40EA9FB9-B6A7-0546-BB80-77339701554E}.Debug|x64.Build.0 = Debug|x64
		{40EA9FB9-B6A7-0546-BB80-77339701554E}.Release|Mixed Platforms.ActiveCfg = Release|Win32
		{40EA9FB9-B6A7-0546-BB80-77339701554E}.Release|Mixed Platforms.Build.0 = Release|Win32
		{40EA9FB9-B6A7-0546-BB80-77339701554E}.Release|ORBIS.ActiveCfg = Release|ORBIS
		{40EA9FB9-B6A7-0546-BB80-77339701554E}.Release|ORBIS.Build.0 = Release|ORBIS
		{40EA9FB9-B6A7-0546-BB80-77339701554E}.Release|Win32.ActiveCfg = Release|Win32
		{40EA9FB9-B6A7-0546-BB80-77339701554E}.Release|Win32.Build.0 = Release|Win32
		{40EA9FB9-B6A7-0546-BB80-77339701554E}.Release|x64.ActiveCfg = Release|x64
		{40EA9FB9-B6A7-0546-BB80-77339701554E}.Release|x64.Build.0 = Release|x64
		{DC95E089-A36F-E041-A7CD-54DF1737639B}.Debug|Mixed Platforms.ActiveCfg = Debug|Win32
		{DC95E089-A36F-E041-A7CD-54DF1737639B}.Debug|Mixed Platforms.Build.0 = Debug|Win32
		{DC95E089-A36F-E041-A7CD-54DF1737639B}.Debug|ORBIS.ActiveCfg = Debug|ORBIS
		{DC95E089-A36F-E041-A7CD-54DF1737639B}.Debug|ORBIS.Build.0 = Debug|ORBIS
		{DC95E089-A36F-E041-A7CD-54DF1737639B}.Debug|Win32.ActiveCfg = Debug|Win32
		{DC95E089-A36F-E041-A7CD-54DF1737639B}.Debug|Win32.Build.0 = Debug|Win32
		{DC95E089-A36F-E041-A7CD-54DF1737639B}.Debug|x64.ActiveCfg = Debug|x64
		{DC95E089-A36F-E041-A7CD-54DF1737639B}.Debug|x64.Build.0 = Debug|x64
		{DC95E089-A36F-E041-A7CD-54DF1737639B}.Release|Mixed Platforms.ActiveCfg = Release|Win32
		{DC95E089-A36F-E041-A7CD-54DF1737639B}.Release|Mixed Platforms.Build.0 = Release|Win32
		{DC95E089-A36F-E041-A7CD-54DF1737639B}.Release|ORBIS.ActiveCfg = Release|ORBIS
		{DC95E089-A36F-E041-A7CD-54DF1737639B}.Release|ORBIS.Build.0 = Release|ORBIS
		{DC95E089-A36F-E041-A7CD-54DF1737639B}.Release|Win32.ActiveCfg = Release|Win32
		{DC95E089-A36F-E041-A7CD-54DF1737639B}.Release|Win32.Build.0 = Release|Win32
		{DC95E089-A36F-E041-A7CD-54DF1737639B}.Release|x64.ActiveCfg = Release|x64
		{DC95E089-A36F-E041-A7CD-54DF1737639B}.Release|x64.Build.0 = Release|x64
		{E9A76716-EF48-2D48-B6AE-09A54F748CAE}.Debug|Mixed Platforms.ActiveCfg = Debug|Win32
		{E9A76716-EF48-2D48-B6AE-09A54F748CAE}.Debug|Mixed Platforms.Build.0 = Debug|Win32
		{E9A76716-EF48-2D48-B6AE-09A54F748CAE}.Debug|ORBIS.ActiveCfg = Debug|ORBIS
		{E9A76716-EF48-2D48-B6AE-09A54F748CAE}.Debug|ORBIS.Build.0 = Debug|ORBIS
		{E9A76716-EF48-2D48-B6AE-09A54F748CAE}.Debug|Win32.ActiveCfg = Debug|Win32
		{E9A76716-EF48-2D48-B6AE-09A54F748CAE}.Debug|Win32.Build.0 = Debug|Win32
		{E9A76716-EF48-2D48-B6AE-09A54F748CAE}.Debug|x64.ActiveCfg = Debug|x64
		{E9A76716-EF48-2D48-B6AE-09A54F748CAE}.Debug|x64.Build.0 = Debug|x64
		{E9A76716-EF48-2D48-B6AE-09A54F748CAE}.Release|Mixed Platforms.ActiveCfg = Release|Win32
		{E9A76716-EF48-2D48-B6AE-09A54F748CAE}.Release|Mixed Platforms.Build.0 = Release|Win32
		{E9A76716-EF48-2D48-B6AE-09A54F748CAE}.Release|ORBIS.ActiveCfg = Release|ORBIS
		{E9A76716-EF48-2D48-B6AE-09A54F748CAE}.Release|ORBIS.Build.0 = Release|ORBIS
		{E9A76716-EF48-2D48-B6AE-09A54F748CAE}.Release|Win32.ActiveCfg = Release|Win32
		{E9A76716-EF48-2D48-B6AE-09A54F748CAE}.Release|Win32.Build.0 = Release|Win32
		{E9A76716-EF48-2D48-B6AE-09A54F748CAE}.Release|x64.ActiveCfg = Release|x64
		{E9A76716-EF48-2D48-B6AE-09A54F748CAE}.Release|x64.Build.0 = Release|x64
		{2CC601E3-E95D-4C55-B786-474F898780F5}.Debug|Mixed Platforms.ActiveCfg = Debug|Win32
		{2CC601E3-E95D-4C55-B786-474F898780F5}.Debug|Mixed Platforms.Build.0 = Debug|Win32
		{2CC601E3-E95D-4C55-B786-474F898780F5}.Debug|ORBIS.ActiveCfg = Debug|ORBIS
		{2CC601E3-E95D-4C55-B786-474F898780F5}.Debug|ORBIS.Build.0 = Debug|ORBIS
		{2CC601E3-E95D-4C55-B786-474F898780F5}.Debug|Win32.ActiveCfg = Debug|Win32
		{2CC601E3-E95D-4C55-B786-474F898780F5}.Debug|Win32.Build.0 = Debug|Win32
		{2CC601E3-E95D-4C55-B786-474F898780F5}.Debug|x64.ActiveCfg = Debug|Win32
		{2CC601E3-E95D-4C55-B786-474F898780F5}.Release|Mixed Platforms.ActiveCfg = Release|Win32
		{2CC601E3-E95D-4C55-B786-474F898780F5}.Release|Mixed Platforms.Build.0 = Release|Win32
		{2CC601E3-E95D-4C55-B786-474F898780F5}.Release|ORBIS.ActiveCfg = Release|ORBIS
		{2CC601E3-E95D-4C55-B786-474F898780F5}.Release|ORBIS.Build.0 = Release|ORBIS
		{2CC601E3-E95D-4C55-B786-474F898780F5}.Release|Win32.ActiveCfg = Release|Win32
		{2CC601E3-E95D-4C55-B786-474F898780F5}.Release|Win32.Build.0 = Release|Win32
		{2CC601E3-E95D-4C55-B786-474F898780F5}.Release|x64.ActiveCfg = Release|Win32
		{EC4A3A1F-D72F-4713-B6A8-A61DF72D0B76}.Debug|Mixed Platforms.ActiveCfg = Debug|Win32
		{EC4A3A1F-D72F-4713-B6A8-A61DF72D0B76}.Debug|Mixed Platforms.Build.0 = Debug|Win32
		{EC4A3A1F-D72F-4713-B6A8-A61DF72D0B76}.Debug|ORBIS.ActiveCfg = Debug|Win32
		{EC4A3A1F-D72F-4713-B6A8-A61DF72D0B76}.Debug|ORBIS.Build.0 = Debug|Win32
		{EC4A3A1F-D72F-4713-B6A8-A61DF72D0B76}.Debug|Win32.ActiveCfg = Debug|Win32
		{EC4A3A1F-D72F-4713-B6A8-A61DF72D0B76}.Debug|Win32.Build.0 = Debug|Win32
		{EC4A3A1F-D72F-4713-B6A8-A61DF72D0B76}.Debug|x64.ActiveCfg = Debug|Win32
		{EC4A3A1F-D72F-4713-B6A8-A61DF72D0B76}.Release|Mixed Platforms.ActiveCfg = Release|Win32
		{EC4A3A1F-D72F-4713-B6A8-A61DF72D0B76}.Release|Mixed Platforms.Build.0 = Release|Win32
		{EC4A3A1F-D72F-4713-B6A8-A61DF72D0B76}.Release|ORBIS.ActiveCfg = Release|Win32
		{EC4A3A1F-D72F-4713-B6A8-A61DF72D0B76}.Release|Win32.ActiveCfg = Release|Win32
		{EC4A3A1F-D72F-4713-B6A8-A61DF72D0B76}.Release|Win32.Build.0 = Release|Win32
		{EC4A3A1F-D72F-4713-B6A8-A61DF72D0B76}.Release|x64.ActiveCfg = Release|Win32
		{3D0273AE-8C72-430C-A0E5-5968CF2EAB39}.Debug|Mixed Platforms.ActiveCfg = Debug|Win32
		{3D0273AE-8C72-430C-A0E5-5968CF2EAB39}.Debug|ORBIS.ActiveCfg = Debug|Win32
		{3D0273AE-8C72-430C-A0E5-5968CF2EAB39}.Debug|Win32.ActiveCfg = Debug|Win32
		{3D0273AE-8C72-430C-A0E5-5968CF2EAB39}.Debug|Win32.Build.0 = Debug|Win32
		{3D0273AE-8C72-430C-A0E5-5968CF2EAB39}.Debug|x64.ActiveCfg = Debug|Win32
		{3D0273AE-8C72-430C-A0E5-5968CF2EAB39}.Release|Mixed Platforms.ActiveCfg = Release|Win32
		{3D0273AE-8C72-430C-A0E5-5968CF2EAB39}.Release|ORBIS.ActiveCfg = Release|Win32
		{3D0273AE-8C72-430C-A0E5-5968CF2EAB39}.Release|Win32.ActiveCfg = Release|Win32
		{3D0273AE-8C72-430C-A0E5-5968CF2EAB39}.Release|Win32.Build.0 = Release|Win32
		{3D0273AE-8C72-430C-A0E5-5968CF2EAB39}.Release|x64.ActiveCfg = Release|Win32
		{2364F4FD-144A-42AF-B188-F9DEDD91FA49}.Debug|Mixed Platforms.ActiveCfg = Debug|Win32
		{2364F4FD-144A-42AF-B188-F9DEDD91FA49}.Debug|ORBIS.ActiveCfg = Debug|Win32
		{2364F4FD-144A-42AF-B188-F9DEDD91FA49}.Debug|Win32.ActiveCfg = Debug|Win32
		{2364F4FD-144A-42AF-B188-F9DEDD91FA49}.Debug|Win32.Build.0 = Debug|Win32
		{2364F4FD-144A-42AF-B188-F9DEDD91FA49}.Debug|x64.ActiveCfg = Debug|Win32
		{2364F4FD-144A-42AF-B188-F9DEDD91FA49}.Release|Mixed Platforms.ActiveCfg = Release|Win32
		{2364F4FD-144A-42AF-B188-F9DEDD91FA49}.Release|ORBIS.ActiveCfg = Release|Win32
		{2364F4FD-144A-42AF-B188-F9DEDD91FA49}.Release|Win32.ActiveCfg = Release|Win32
		{2364F4FD-144A-42AF-B188-F9DEDD91FA49}.Release|Win32.Build.0 = Release|Win32
		{2364F4FD-144A-42AF-B188-F9DEDD91FA49}.Release|x64.ActiveCfg = Release|Win32
		{DD7A5D17-150E-4A4A-86AF-851568A1774A}.Debug|Mixed Platforms.ActiveCfg = Debug|Win32
		{DD7A5D17-150E-4A4A-86AF-851568A1774A}.Debug|ORBIS.ActiveCfg = Debug|Win32
		{DD7A5D17-150E-4A4A-86AF-851568A1774A}.Debug|Win32.ActiveCfg = Debug|Win32
		{DD7A5D17-150E-4A4A-86AF-851568A1774A}.Debug|Win32.Build.0 = Debug|Win32
		{DD7A5D17-150E-4A4A-86AF-851568A1774A}.Debug|x64.ActiveCfg = Debug|Win32
		{DD7A5D17-150E-4A4A-86AF-851568A1774A}.Release|Mixed Platforms.ActiveCfg = Release|Win32
		{DD7A5D17-150E-4A4A-86AF-851568A1774A}.Release|ORBIS.ActiveCfg = Release|Win32
		{DD7A5D17-150E-4A4A-86AF-851568A1774A}.Release|Win32.ActiveCfg = Release|Win32
		{DD7A5D17-150E-4A4A-86AF-851568A1774A}.Release|Win32.Build.0 = Release|Win32
		{DD7A5D17-150E-4A4A-86AF-851568A1774A}.Release|x64.ActiveCfg = Release|Win32
		{DA0DB155-241D-4870-9D96-A5E19F002AA5}.Debug|Mixed Platforms.ActiveCfg = Debug|Win32
		{DA0DB155-241D-4870-9D96-A5E19F002AA5}.Debug|ORBIS.ActiveCfg = Debug|Win32
		{DA0DB155-241D-4870-9D96-A5E19F002AA5}.Debug|Win32.ActiveCfg = Debug|Win32
		{DA0DB155-241D-4870-9D96-A5E19F002AA5}.Debug|Win32.Build.0 = Debug|Win32
		{DA0DB155-241D-4870-9D96-A5E19F002AA5}.Debug|x64.ActiveCfg = Debug|Win32
		{DA0DB155-241D-4870-9D96-A5E19F002AA5}.Release|Mixed Platforms.ActiveCfg = Release|Win32
		{DA0DB155-241D-4870-9D96-A5E19F002AA5}.Release|ORBIS.ActiveCfg = Release|Win32
		{DA0DB155-241D-4870-9D96-A5E19F002AA5}.Release|Win32.ActiveCfg = Release|Win32
		{DA0DB155-241D-4870-9D96-A5E19F002AA5}.Release|Win32.Build.0 = Release|Win32
		{DA0DB155-241D-4870-9D96-A5E19F002AA5}.Release|x64.ActiveCfg = Release|Win32
		{ADCFED9A-E56E-E440-B14B-8DF86A36F142}.Debug|Mixed Platforms.ActiveCfg = Debug|Win32
		{ADCFED9A-E56E-E440-B14B-8DF86A36F142}.Debug|Mixed Platforms.Build.0 = Debug|Win32
		{ADCFED9A-E56E-E440-B14B-8DF86A36F142}.Debug|ORBIS.ActiveCfg = Debug|ORBIS
		{ADCFED9A-E56E-E440-B14B-8DF86A36F142}.Debug|ORBIS.Build.0 = Debug|ORBIS
		{ADCFED9A-E56E-E440-B14B-8DF86A36F142}.Debug|Win32.ActiveCfg = Debug|Win32
		{ADCFED9A-E56E-E440-B14B-8DF86A36F142}.Debug|Win32.Build.0 = Debug|Win32
		{ADCFED9A-E56E-E440-B14B-8DF86A36F142}.Debug|x64.ActiveCfg = Debug|x64
		{ADCFED9A-E56E-E440-B14B-8DF86A36F142}.Debug|x64.Build.0 = Debug|x64
		{ADCFED9A-E56E-E440-B14B-8DF86A36F142}.Release|Mixed Platforms.ActiveCfg = Release|Win32
		{ADCFED9A-E56E-E440-B14B-8DF86A36F142}.Release|Mixed Platforms.Build.0 = Release|Win32
		{ADCFED9A-E56E-E440-B14B-8DF86A36F142}.Release|ORBIS.ActiveCfg = Release|ORBIS
		{ADCFED9A-E56E-E440-B14B-8DF86A36F142}.Release|ORBIS.Build.0 = Release|ORBIS
		{ADCFED9A-E56E-E440-B14B-8DF86A36F142}.Release|Win32.ActiveCfg = Release|Win32
		{ADCFED9A-E56E-E440-B14B-8DF86A36F142}.Release|Win32.Build.0 = Release|Win32
		{ADCFED9A-E56E-E440-B14B-8DF86A36F142}.Release|x64.ActiveCfg = Release|x64
		{ADCFED9A-E56E-E440-B14B-8DF86A36F142}.Release|x64.Build.0 = Release|x64
		{EA8B500E-59FA-4A79-8398-08F85F821CC7}.Debug|Mixed Platforms.ActiveCfg = Debug|Win32
		{EA8B500E-59FA-4A79-8398-08F85F821CC7}.Debug|ORBIS.ActiveCfg = Debug|ORBIS
		{EA8B500E-59FA-4A79-8398-08F85F821CC7}.Debug|ORBIS.Build.0 = Debug|ORBIS
		{EA8B500E-59FA-4A79-8398-08F85F821CC7}.Debug|Win32.ActiveCfg = Debug|Win32
		{EA8B500E-59FA-4A79-8398-08F85F821CC7}.Debug|Win32.Build.0 = Debug|Win32
		{EA8B500E-59FA-4A79-8398-08F85F821CC7}.Debug|x64.ActiveCfg = Debug|Win32
		{EA8B500E-59FA-4A79-8398-08F85F821CC7}.Release|Mixed Platforms.ActiveCfg = Release|Win32
		{EA8B500E-59FA-4A79-8398-08F85F821CC7}.Release|ORBIS.ActiveCfg = Release|Win32
		{EA8B500E-59FA-4A79-8398-08F85F821CC7}.Release|Win32.ActiveCfg = Release|Win32
		{EA8B500E-59FA-4A79-8398-08F85F821CC7}.Release|Win32.Build.0 = Release|Win32
		{EA8B500E-59FA-4A79-8398-08F85F821CC7}.Release|x64.ActiveCfg = Release|Win32
	EndGlobalSection
	GlobalSection(SolutionProperties) = preSolution
		HideSolutionNode = FALSE
	EndGlobalSection
	GlobalSection(NestedProjects) = preSolution
		{40EA9FB9-B6A7-0546-BB80-77339701554E} = {CCDD3102-3211-43ED-B109-D80851885894}
		{DC95E089-A36F-E041-A7CD-54DF1737639B} = {CCDD3102-3211-43ED-B109-D80851885894}
		{E9A76716-EF48-2D48-B6AE-09A54F748CAE} = {CCDD3102-3211-43ED-B109-D80851885894}
		{2CC601E3-E95D-4C55-B786-474F898780F5} = {CCDD3102-3211-43ED-B109-D80851885894}
		{ADCFED9A-E56E-E440-B14B-8DF86A36F142} = {CCDD3102-3211-43ED-B109-D80851885894}
		{3D0273AE-8C72-430C-A0E5-5968CF2EAB39} = {00F19FE8-3222-4A71-977D-48637DED5B88}
		{DA0DB155-241D-4870-9D96-A5E19F002AA5} = {00F19FE8-3222-4A71-977D-48637DED5B88}
	EndGlobalSection
EndGlobal
