<?xml version="1.0" encoding="utf-8"?>
<Project ToolsVersion="4.0" xmlns="http://schemas.microsoft.com/developer/msbuild/2003">
  <ItemGroup>
    <Filter Include="Source Files">
      <UniqueIdentifier>{4FC737F1-C7A5-4376-A066-2A32D752A2FF}</UniqueIdentifier>
      <Extensions>cpp;c;cc;cxx;def;odl;idl;hpj;bat;asm;asmx</Extensions>
    </Filter>
    <Filter Include="Header Files">
      <UniqueIdentifier>{93995380-89BD-4b04-88EB-625FBE52EBFB}</UniqueIdentifier>
      <Extensions>h;hh;hpp;hxx;hm;inl;inc;xsd</Extensions>
    </Filter>
    <Filter Include="Resource Files">
      <UniqueIdentifier>{67DA6AB6-F800-4c08-8B7A-83BB121AAD01}</UniqueIdentifier>
      <Extensions>rc;ico;cur;bmp;dlg;rc2;rct;bin;rgs;gif;jpg;jpeg;jpe;resx;tiff;tif;png;wav;mfcribbon-ms</Extensions>
    </Filter>
    <Filter Include="Header Files\Material">
      <UniqueIdentifier>{3a8b4662-70f5-4a69-a70f-97f04a0d8a75}</UniqueIdentifier>
    </Filter>
    <Filter Include="Source Files\Material">
      <UniqueIdentifier>{c4619c17-774a-45b0-8fe4-9dc4e51dfe21}</UniqueIdentifier>
    </Filter>
    <Filter Include="Header Files\Physics">
      <UniqueIdentifier>{84b7b156-2880-489c-9632-2109ac951ffa}</UniqueIdentifier>
    </Filter>
    <Filter Include="Header Files\Particle System">
      <UniqueIdentifier>{459b51a4-cc1e-4648-81f0-8df1d54461ba}</UniqueIdentifier>
    </Filter>
    <Filter Include="Source Files\Particle System">
      <UniqueIdentifier>{b526225d-35e6-4759-94b6-2efc7a191608}</UniqueIdentifier>
    </Filter>
    <Filter Include="Source Files\Physics">
      <UniqueIdentifier>{1f25b0ac-b2f4-4e65-9305-151127f3e397}</UniqueIdentifier>
    </Filter>
    <Filter Include="Header Files\OGL_API">
      <UniqueIdentifier>{2d2465c5-b0fa-4155-958f-5d0422442e4d}</UniqueIdentifier>
    </Filter>
    <Filter Include="Header Files\GNM_API">
      <UniqueIdentifier>{9dffb490-3b52-451b-8c61-f610c4df677f}</UniqueIdentifier>
    </Filter>
    <Filter Include="Source Files\OGL_API">
      <UniqueIdentifier>{32134d45-b278-4656-99cd-00cbe1b2d7e1}</UniqueIdentifier>
    </Filter>
    <Filter Include="Source Files\GNM_API">
      <UniqueIdentifier>{3de32fb1-e97e-48de-8248-2fb0dc54fdb7}</UniqueIdentifier>
    </Filter>
  </ItemGroup>
  <ItemGroup>
    <ClInclude Include="Renderer.h">
      <Filter>Header Files</Filter>
    </ClInclude>
    <ClInclude Include="Mesh.h">
      <Filter>Header Files</Filter>
    </ClInclude>
    <ClInclude Include="constants.h">
      <Filter>Header Files</Filter>
    </ClInclude>
    <ClInclude Include="Camera.h">
      <Filter>Header Files</Filter>
    </ClInclude>
    <ClInclude Include="Texture.h">
      <Filter>Header Files</Filter>
    </ClInclude>
    <ClInclude Include="Material.h">
      <Filter>Header Files\Material</Filter>
    </ClInclude>
    <ClInclude Include="ExtendedMaterial.h">
      <Filter>Header Files\Material</Filter>
    </ClInclude>
    <ClInclude Include="Scene.h">
      <Filter>Header Files</Filter>
    </ClInclude>
    <ClInclude Include="GameObject.h">
      <Filter>Header Files</Filter>
    </ClInclude>
    <ClInclude Include="RenderComponent.h">
      <Filter>Header Files</Filter>
    </ClInclude>
    <ClInclude Include="ModelLoader.h">
      <Filter>Header Files</Filter>
    </ClInclude>
    <ClInclude Include="LightMaterial.h">
      <Filter>Header Files\Material</Filter>
    </ClInclude>
    <ClInclude Include="Frustum.h">
      <Filter>Header Files</Filter>
    </ClInclude>
    <ClInclude Include="DebugDraw.h">
      <Filter>Header Files</Filter>
    </ClInclude>
    <ClInclude Include="PhysicsObject.h">
      <Filter>Header Files\Physics</Filter>
    </ClInclude>
    <ClInclude Include="CubeEmitter.h">
      <Filter>Header Files\Particle System</Filter>
    </ClInclude>
    <ClInclude Include="Particle.h">
      <Filter>Header Files\Particle System</Filter>
    </ClInclude>
    <ClInclude Include="ParticleEmitter.h">
      <Filter>Header Files\Particle System</Filter>
    </ClInclude>
    <ClInclude Include="ParticleManager.h">
      <Filter>Header Files\Particle System</Filter>
    </ClInclude>
    <ClInclude Include="ParticleSystem.h">
      <Filter>Header Files\Particle System</Filter>
    </ClInclude>
    <ClInclude Include="RigidPhysicsObject.h">
      <Filter>Header Files\Physics</Filter>
    </ClInclude>
    <ClInclude Include="SoftPhysicsObject.h">
      <Filter>Header Files\Physics</Filter>
    </ClInclude>
    <ClInclude Include="PS4Shader.h">
      <Filter>Header Files\GNM_API</Filter>
    </ClInclude>
    <ClInclude Include="OGLRenderer.h">
      <Filter>Header Files\OGL_API</Filter>
    </ClInclude>
    <ClInclude Include="OGLShader.h">
      <Filter>Header Files\OGL_API</Filter>
    </ClInclude>
    <ClInclude Include="PS4Renderer.h">
      <Filter>Header Files\GNM_API</Filter>
    </ClInclude>
    <ClInclude Include="Window.h">
      <Filter>Header Files\OGL_API</Filter>
    </ClInclude>
    <ClInclude Include="Shader.h">
      <Filter>Header Files</Filter>
    </ClInclude>
    <ClInclude Include="GameTimer.h">
      <Filter>Header Files</Filter>
    </ClInclude>
  </ItemGroup>
  <ItemGroup>
    <ClCompile Include="Renderer.cpp">
      <Filter>Source Files</Filter>
    </ClCompile>
    <ClCompile Include="Mesh.cpp">
      <Filter>Source Files</Filter>
    </ClCompile>
    <ClCompile Include="Camera.cpp">
      <Filter>Source Files</Filter>
    </ClCompile>
    <ClCompile Include="Texture.cpp">
      <Filter>Source Files</Filter>
    </ClCompile>
    <ClCompile Include="Material.cpp">
      <Filter>Source Files\Material</Filter>
    </ClCompile>
    <ClCompile Include="ExtendedMaterial.cpp">
      <Filter>Source Files\Material</Filter>
    </ClCompile>
    <ClCompile Include="Scene.cpp">
      <Filter>Source Files</Filter>
    </ClCompile>
    <ClCompile Include="GameObject.cpp">
      <Filter>Source Files</Filter>
    </ClCompile>
    <ClCompile Include="RenderComponent.cpp">
      <Filter>Source Files</Filter>
    </ClCompile>
    <ClCompile Include="ModelLoader.cpp">
      <Filter>Source Files</Filter>
    </ClCompile>
    <ClCompile Include="LightMaterial.cpp">
      <Filter>Source Files\Material</Filter>
    </ClCompile>
    <ClCompile Include="Frustum.cpp">
      <Filter>Source Files</Filter>
    </ClCompile>
    <ClCompile Include="DebugDraw.cpp">
      <Filter>Source Files</Filter>
    </ClCompile>
    <ClCompile Include="CubeEmitter.cpp">
      <Filter>Source Files\Particle System</Filter>
    </ClCompile>
    <ClCompile Include="ParticleSystem.cpp">
      <Filter>Source Files\Particle System</Filter>
    </ClCompile>
    <ClCompile Include="ParticleManager.cpp">
      <Filter>Source Files\Particle System</Filter>
    </ClCompile>
    <ClCompile Include="PhysicsObject.cpp">
      <Filter>Source Files\Physics</Filter>
    </ClCompile>
    <ClCompile Include="RigidPhysicsObject.cpp">
      <Filter>Source Files\Physics</Filter>
    </ClCompile>
    <ClCompile Include="SoftPhysicsObject.cpp">
      <Filter>Source Files\Physics</Filter>
    </ClCompile>
    <ClCompile Include="PS4Shader.cpp">
      <Filter>Source Files\GNM_API</Filter>
    </ClCompile>
    <ClCompile Include="PS4Renderer.cpp">
      <Filter>Source Files\GNM_API</Filter>
    </ClCompile>
    <ClCompile Include="OGLRenderer.cpp">
      <Filter>Source Files\OGL_API</Filter>
    </ClCompile>
    <ClCompile Include="OGLShader.cpp">
      <Filter>Source Files\OGL_API</Filter>
    </ClCompile>
    <ClCompile Include="Window.cpp">
      <Filter>Source Files\OGL_API</Filter>
    </ClCompile>
  </ItemGroup>
</Project>