
Microsoft Visual Studio Solution File, Format Version 11.00
# Visual Studio 2010
Project("{8BC9CEB8-8B4A-11D0-8D11-00A0C91BC942}") = "Bullet3Common", "Bullet3Common.vcxproj", "{0919DEE0-93EC-6147-B065-23CA25E1F9C7}"
EndProject
Project("{8BC9CEB8-8B4A-11D0-8D11-00A0C91BC942}") = "Bullet3Geometry", "Bullet3Geometry.vcxproj", "{CD555022-7893-2A4C-B398-9B55FF7CA2B5}"
EndProject
Project("{8BC9CEB8-8B4A-11D0-8D11-00A0C91BC942}") = "Bullet3Collision", "Bullet3Collision.vcxproj", "{26FF1C92-75CA-E44A-AE6C-17B2F935C61C}"
EndProject
Project("{8BC9CEB8-8B4A-11D0-8D11-00A0C91BC942}") = "Bullet3Dynamics", "Bullet3Dynamics.vcxproj", "{3456A1AF-F50A-9E42-A8BF-3DD91F899DFB}"
EndProject
Project("{8BC9CEB8-8B4A-11D0-8D11-00A0C91BC942}") = "Bullet3OpenCL_clew", "Bullet3OpenCL_clew.vcxproj", "{4DCA937C-4AB2-BD48-A501-06040C4547D5}"
EndProject
Project("{8BC9CEB8-8B4A-11D0-8D11-00A0C91BC942}") = "Bullet2FileLoader", "Bullet2FileLoader.vcxproj", "{EA691FA8-2D36-854D-9190-BCA6E02BE9E6}"
EndProject
Project("{8BC9CEB8-8B4A-11D0-8D11-00A0C91BC942}") = "HACD", "HACD.vcxproj", "{90486461-8379-2D4C-AC72-63FA94F12604}"
EndProject
Project("{8BC9CEB8-8B4A-11D0-8D11-00A0C91BC942}") = "ConvexDecomposition", "ConvexDecomposition.vcxproj", "{3284314B-7649-0D49-97A2-1C25CBB3B8B7}"
EndProject
Project("{8BC9CEB8-8B4A-11D0-8D11-00A0C91BC942}") = "BulletInverseDynamicsUtils", "BulletInverseDynamicsUtils.vcxproj", "{FD5E35E3-17D2-A447-A10D-495DCA318E96}"
EndProject
Project("{8BC9CEB8-8B4A-11D0-8D11-00A0C91BC942}") = "BulletFileLoader", "BulletFileLoader.vcxproj", "{80F34032-7F14-8E4C-A938-4F059C73CEE0}"
EndProject
Project("{8BC9CEB8-8B4A-11D0-8D11-00A0C91BC942}") = "BulletWorldImporter", "BulletWorldImporter.vcxproj", "{0B382F77-8111-974B-8CB2-8F99EC569993}"
EndProject
Project("{8BC9CEB8-8B4A-11D0-8D11-00A0C91BC942}") = "BulletXmlWorldImporter", "BulletXmlWorldImporter.vcxproj", "{2857BED9-8DA5-544A-837B-5A82E132A5C8}"
EndProject
Project("{8BC9CEB8-8B4A-11D0-8D11-00A0C91BC942}") = "App_ExampleBrowser", "App_ExampleBrowser.vcxproj", "{6921F3C5-815D-9843-87BC-E588D27A3BBC}"
	ProjectSection(ProjectDependencies) = postProject
		{43A907CE-A6BD-D34D-BC09-9A011274376D} = {43A907CE-A6BD-D34D-BC09-9A011274376D}
		{913F58C0-45A4-8E45-A6A9-2E331A087663} = {913F58C0-45A4-8E45-A6A9-2E331A087663}
		{4140966F-C449-ED45-9C5A-FED5655835FD} = {4140966F-C449-ED45-9C5A-FED5655835FD}
		{FD5E35E3-17D2-A447-A10D-495DCA318E96} = {FD5E35E3-17D2-A447-A10D-495DCA318E96}
		{894A7547-BDF7-3340-83F0-C3BF2D28698A} = {894A7547-BDF7-3340-83F0-C3BF2D28698A}
		{A49119D7-9C22-6845-AC38-A255F2225392} = {A49119D7-9C22-6845-AC38-A255F2225392}
		{B0081E42-D2B0-544A-8C66-FED0D22E7515} = {B0081E42-D2B0-544A-8C66-FED0D22E7515}
		{69E47FBF-AE1E-F147-B00B-DEC58FA0436E} = {69E47FBF-AE1E-F147-B00B-DEC58FA0436E}
		{0919DEE0-93EC-6147-B065-23CA25E1F9C7} = {0919DEE0-93EC-6147-B065-23CA25E1F9C7}
		{4DCA937C-4AB2-BD48-A501-06040C4547D5} = {4DCA937C-4AB2-BD48-A501-06040C4547D5}
		{3456A1AF-F50A-9E42-A8BF-3DD91F899DFB} = {3456A1AF-F50A-9E42-A8BF-3DD91F899DFB}
		{26FF1C92-75CA-E44A-AE6C-17B2F935C61C} = {26FF1C92-75CA-E44A-AE6C-17B2F935C61C}
		{CD555022-7893-2A4C-B398-9B55FF7CA2B5} = {CD555022-7893-2A4C-B398-9B55FF7CA2B5}
	EndProjectSection
EndProject
Project("{8BC9CEB8-8B4A-11D0-8D11-00A0C91BC942}") = "OpenGL_Window", "OpenGL_Window.vcxproj", "{913F58C0-45A4-8E45-A6A9-2E331A087663}"
EndProject
Project("{8BC9CEB8-8B4A-11D0-8D11-00A0C91BC942}") = "gwen", "gwen.vcxproj", "{43A907CE-A6BD-D34D-BC09-9A011274376D}"
EndProject
Project("{8BC9CEB8-8B4A-11D0-8D11-00A0C91BC942}") = "App_HelloWorld", "App_HelloWorld.vcxproj", "{BD476934-27DB-F04E-A08D-4C6959D1B372}"
	ProjectSection(ProjectDependencies) = postProject
		{A49119D7-9C22-6845-AC38-A255F2225392} = {A49119D7-9C22-6845-AC38-A255F2225392}
		{B0081E42-D2B0-544A-8C66-FED0D22E7515} = {B0081E42-D2B0-544A-8C66-FED0D22E7515}
		{69E47FBF-AE1E-F147-B00B-DEC58FA0436E} = {69E47FBF-AE1E-F147-B00B-DEC58FA0436E}
	EndProjectSection
EndProject
Project("{8BC9CEB8-8B4A-11D0-8D11-00A0C91BC942}") = "App_BasicExample", "App_BasicExample.vcxproj", "{9AC85792-9999-144B-A10D-6E40D653E673}"
	ProjectSection(ProjectDependencies) = postProject
		{A49119D7-9C22-6845-AC38-A255F2225392} = {A49119D7-9C22-6845-AC38-A255F2225392}
		{B0081E42-D2B0-544A-8C66-FED0D22E7515} = {B0081E42-D2B0-544A-8C66-FED0D22E7515}
		{69E47FBF-AE1E-F147-B00B-DEC58FA0436E} = {69E47FBF-AE1E-F147-B00B-DEC58FA0436E}
	EndProjectSection
EndProject
Project("{8BC9CEB8-8B4A-11D0-8D11-00A0C91BC942}") = "App_SharedMemoryPhysics", "App_SharedMemoryPhysics.vcxproj", "{F7AF0327-71CA-7447-931A-824872579B56}"
	ProjectSection(ProjectDependencies) = postProject
		{0919DEE0-93EC-6147-B065-23CA25E1F9C7} = {0919DEE0-93EC-6147-B065-23CA25E1F9C7}
		{A49119D7-9C22-6845-AC38-A255F2225392} = {A49119D7-9C22-6845-AC38-A255F2225392}
		{B0081E42-D2B0-544A-8C66-FED0D22E7515} = {B0081E42-D2B0-544A-8C66-FED0D22E7515}
		{69E47FBF-AE1E-F147-B00B-DEC58FA0436E} = {69E47FBF-AE1E-F147-B00B-DEC58FA0436E}
	EndProjectSection
EndProject
Project("{8BC9CEB8-8B4A-11D0-8D11-00A0C91BC942}") = "App_ThreadingTest", "App_ThreadingTest.vcxproj", "{9ED4C155-67DE-884A-BDF2-1B09C55CA350}"
	ProjectSection(ProjectDependencies) = postProject
		{0919DEE0-93EC-6147-B065-23CA25E1F9C7} = {0919DEE0-93EC-6147-B065-23CA25E1F9C7}
	EndProjectSection
EndProject
Project("{8BC9CEB8-8B4A-11D0-8D11-00A0C91BC942}") = "Test_SharedMemoryPhysicsClient", "Test_SharedMemoryPhysicsClient.vcxproj", "{9BEDBC69-50DE-674D-94C8-D87E160D1102}"
	ProjectSection(ProjectDependencies) = postProject
		{80F34032-7F14-8E4C-A938-4F059C73CEE0} = {80F34032-7F14-8E4C-A938-4F059C73CEE0}
		{0919DEE0-93EC-6147-B065-23CA25E1F9C7} = {0919DEE0-93EC-6147-B065-23CA25E1F9C7}
		{69E47FBF-AE1E-F147-B00B-DEC58FA0436E} = {69E47FBF-AE1E-F147-B00B-DEC58FA0436E}
	EndProjectSection
EndProject
Project("{8BC9CEB8-8B4A-11D0-8D11-00A0C91BC942}") = "Test_PhysicsServerLoopBack", "Test_PhysicsServerLoopBack.vcxproj", "{3941BA4A-B954-1141-B549-DF0DBD0A7C22}"
	ProjectSection(ProjectDependencies) = postProject
		{80F34032-7F14-8E4C-A938-4F059C73CEE0} = {80F34032-7F14-8E4C-A938-4F059C73CEE0}
		{0B382F77-8111-974B-8CB2-8F99EC569993} = {0B382F77-8111-974B-8CB2-8F99EC569993}
		{0919DEE0-93EC-6147-B065-23CA25E1F9C7} = {0919DEE0-93EC-6147-B065-23CA25E1F9C7}
		{A49119D7-9C22-6845-AC38-A255F2225392} = {A49119D7-9C22-6845-AC38-A255F2225392}
		{B0081E42-D2B0-544A-8C66-FED0D22E7515} = {B0081E42-D2B0-544A-8C66-FED0D22E7515}
		{69E47FBF-AE1E-F147-B00B-DEC58FA0436E} = {69E47FBF-AE1E-F147-B00B-DEC58FA0436E}
	EndProjectSection
EndProject
Project("{8BC9CEB8-8B4A-11D0-8D11-00A0C91BC942}") = "Test_PhysicsServerDirect", "Test_PhysicsServerDirect.vcxproj", "{E0E328DB-CBC0-BF45-96B7-4566D5F7E2A8}"
	ProjectSection(ProjectDependencies) = postProject
		{80F34032-7F14-8E4C-A938-4F059C73CEE0} = {80F34032-7F14-8E4C-A938-4F059C73CEE0}
		{0B382F77-8111-974B-8CB2-8F99EC569993} = {0B382F77-8111-974B-8CB2-8F99EC569993}
		{0919DEE0-93EC-6147-B065-23CA25E1F9C7} = {0919DEE0-93EC-6147-B065-23CA25E1F9C7}
		{A49119D7-9C22-6845-AC38-A255F2225392} = {A49119D7-9C22-6845-AC38-A255F2225392}
		{B0081E42-D2B0-544A-8C66-FED0D22E7515} = {B0081E42-D2B0-544A-8C66-FED0D22E7515}
		{69E47FBF-AE1E-F147-B00B-DEC58FA0436E} = {69E47FBF-AE1E-F147-B00B-DEC58FA0436E}
	EndProjectSection
EndProject
Project("{8BC9CEB8-8B4A-11D0-8D11-00A0C91BC942}") = "Test_LinearMath", "Test_LinearMath.vcxproj", "{E55CDF82-0C1F-254D-9FDF-80FF406C73BE}"
	ProjectSection(ProjectDependencies) = postProject
		{A49119D7-9C22-6845-AC38-A255F2225392} = {A49119D7-9C22-6845-AC38-A255F2225392}
		{B0081E42-D2B0-544A-8C66-FED0D22E7515} = {B0081E42-D2B0-544A-8C66-FED0D22E7515}
		{69E47FBF-AE1E-F147-B00B-DEC58FA0436E} = {69E47FBF-AE1E-F147-B00B-DEC58FA0436E}
	EndProjectSection
EndProject
Project("{8BC9CEB8-8B4A-11D0-8D11-00A0C91BC942}") = "gtest", "gtest.vcxproj", "{B0154CF8-9ED9-7D43-9517-6ABE20C96553}"
EndProject
Project("{8BC9CEB8-8B4A-11D0-8D11-00A0C91BC942}") = "Test_BulletCollision", "Test_BulletCollision.vcxproj", "{D1F088D7-4DC6-B440-99A8-9B13F5A32E99}"
	ProjectSection(ProjectDependencies) = postProject
		{69E47FBF-AE1E-F147-B00B-DEC58FA0436E} = {69E47FBF-AE1E-F147-B00B-DEC58FA0436E}
		{B0154CF8-9ED9-7D43-9517-6ABE20C96553} = {B0154CF8-9ED9-7D43-9517-6ABE20C96553}
	EndProjectSection
EndProject
Project("{8BC9CEB8-8B4A-11D0-8D11-00A0C91BC942}") = "Test_BulletDynamics", "Test_BulletDynamics.vcxproj", "{957FF64B-DC3A-EB44-B8A3-1421D3E7A2A7}"
	ProjectSection(ProjectDependencies) = postProject
		{A49119D7-9C22-6845-AC38-A255F2225392} = {A49119D7-9C22-6845-AC38-A255F2225392}
		{B0081E42-D2B0-544A-8C66-FED0D22E7515} = {B0081E42-D2B0-544A-8C66-FED0D22E7515}
		{69E47FBF-AE1E-F147-B00B-DEC58FA0436E} = {69E47FBF-AE1E-F147-B00B-DEC58FA0436E}
		{B0154CF8-9ED9-7D43-9517-6ABE20C96553} = {B0154CF8-9ED9-7D43-9517-6ABE20C96553}
	EndProjectSection
EndProject
Project("{8BC9CEB8-8B4A-11D0-8D11-00A0C91BC942}") = "Test_InverseDynamicsKinematics", "Test_InverseDynamicsKinematics.vcxproj", "{7E863422-533E-EF41-8728-5441EA08636E}"
	ProjectSection(ProjectDependencies) = postProject
		{FD5E35E3-17D2-A447-A10D-495DCA318E96} = {FD5E35E3-17D2-A447-A10D-495DCA318E96}
		{894A7547-BDF7-3340-83F0-C3BF2D28698A} = {894A7547-BDF7-3340-83F0-C3BF2D28698A}
		{0919DEE0-93EC-6147-B065-23CA25E1F9C7} = {0919DEE0-93EC-6147-B065-23CA25E1F9C7}
		{69E47FBF-AE1E-F147-B00B-DEC58FA0436E} = {69E47FBF-AE1E-F147-B00B-DEC58FA0436E}
		{B0154CF8-9ED9-7D43-9517-6ABE20C96553} = {B0154CF8-9ED9-7D43-9517-6ABE20C96553}
	EndProjectSection
EndProject
Project("{8BC9CEB8-8B4A-11D0-8D11-00A0C91BC942}") = "Test_InverseForwardDynamics", "Test_InverseForwardDynamics.vcxproj", "{4E64F98F-ADCF-7241-B3F3-CB8CB6C2F4B7}"
	ProjectSection(ProjectDependencies) = postProject
		{A49119D7-9C22-6845-AC38-A255F2225392} = {A49119D7-9C22-6845-AC38-A255F2225392}
		{B0081E42-D2B0-544A-8C66-FED0D22E7515} = {B0081E42-D2B0-544A-8C66-FED0D22E7515}
		{FD5E35E3-17D2-A447-A10D-495DCA318E96} = {FD5E35E3-17D2-A447-A10D-495DCA318E96}
		{894A7547-BDF7-3340-83F0-C3BF2D28698A} = {894A7547-BDF7-3340-83F0-C3BF2D28698A}
		{0919DEE0-93EC-6147-B065-23CA25E1F9C7} = {0919DEE0-93EC-6147-B065-23CA25E1F9C7}
		{69E47FBF-AE1E-F147-B00B-DEC58FA0436E} = {69E47FBF-AE1E-F147-B00B-DEC58FA0436E}
		{B0154CF8-9ED9-7D43-9517-6ABE20C96553} = {B0154CF8-9ED9-7D43-9517-6ABE20C96553}
	EndProjectSection
EndProject
Project("{8BC9CEB8-8B4A-11D0-8D11-00A0C91BC942}") = "Test_OpenCL_Bullet3", "Test_OpenCL_Bullet3.vcxproj", "{BE95AFA6-2E4F-2E43-9544-FDE6CE07E7E3}"
	ProjectSection(ProjectDependencies) = postProject
		{B0154CF8-9ED9-7D43-9517-6ABE20C96553} = {B0154CF8-9ED9-7D43-9517-6ABE20C96553}
		{4DCA937C-4AB2-BD48-A501-06040C4547D5} = {4DCA937C-4AB2-BD48-A501-06040C4547D5}
		{0919DEE0-93EC-6147-B065-23CA25E1F9C7} = {0919DEE0-93EC-6147-B065-23CA25E1F9C7}
	EndProjectSection
EndProject
Project("{8BC9CEB8-8B4A-11D0-8D11-00A0C91BC942}") = "Test_Gwen_OpenGL", "Test_Gwen_OpenGL.vcxproj", "{8799BEA1-422A-6241-B39E-3E52F326645C}"
	ProjectSection(ProjectDependencies) = postProject
		{43A907CE-A6BD-D34D-BC09-9A011274376D} = {43A907CE-A6BD-D34D-BC09-9A011274376D}
	EndProjectSection
EndProject
Project("{8BC9CEB8-8B4A-11D0-8D11-00A0C91BC942}") = "BulletInverseDynamics", "BulletInverseDynamics.vcxproj", "{894A7547-BDF7-3340-83F0-C3BF2D28698A}"
EndProject
Project("{8BC9CEB8-8B4A-11D0-8D11-00A0C91BC942}") = "BulletSoftBody", "BulletSoftBody.vcxproj", "{4140966F-C449-ED45-9C5A-FED5655835FD}"
EndProject
Project("{8BC9CEB8-8B4A-11D0-8D11-00A0C91BC942}") = "BulletDynamics", "BulletDynamics.vcxproj", "{A49119D7-9C22-6845-AC38-A255F2225392}"
EndProject
Project("{8BC9CEB8-8B4A-11D0-8D11-00A0C91BC942}") = "BulletCollision", "BulletCollision.vcxproj", "{B0081E42-D2B0-544A-8C66-FED0D22E7515}"
EndProject
Project("{8BC9CEB8-8B4A-11D0-8D11-00A0C91BC942}") = "LinearMath", "LinearMath.vcxproj", "{69E47FBF-AE1E-F147-B00B-DEC58FA0436E}"
EndProject
Global
	GlobalSection(SolutionConfigurationPlatforms) = preSolution
		Release|Win32 = Release|Win32
		Release|x64 = Release|x64
		Debug|Win32 = Debug|Win32
		Debug|x64 = Debug|x64
	EndGlobalSection
	GlobalSection(ProjectConfigurationPlatforms) = postSolution
		{0919DEE0-93EC-6147-B065-23CA25E1F9C7}.Release|Win32.ActiveCfg = Release|Win32
		{0919DEE0-93EC-6147-B065-23CA25E1F9C7}.Release|Win32.Build.0 = Release|Win32
		{0919DEE0-93EC-6147-B065-23CA25E1F9C7}.Release|x64.ActiveCfg = Release|x64
		{0919DEE0-93EC-6147-B065-23CA25E1F9C7}.Release|x64.Build.0 = Release|x64
		{0919DEE0-93EC-6147-B065-23CA25E1F9C7}.Debug|Win32.ActiveCfg = Debug|Win32
		{0919DEE0-93EC-6147-B065-23CA25E1F9C7}.Debug|Win32.Build.0 = Debug|Win32
		{0919DEE0-93EC-6147-B065-23CA25E1F9C7}.Debug|x64.ActiveCfg = Debug|x64
		{0919DEE0-93EC-6147-B065-23CA25E1F9C7}.Debug|x64.Build.0 = Debug|x64
		{CD555022-7893-2A4C-B398-9B55FF7CA2B5}.Release|Win32.ActiveCfg = Release|Win32
		{CD555022-7893-2A4C-B398-9B55FF7CA2B5}.Release|Win32.Build.0 = Release|Win32
		{CD555022-7893-2A4C-B398-9B55FF7CA2B5}.Release|x64.ActiveCfg = Release|x64
		{CD555022-7893-2A4C-B398-9B55FF7CA2B5}.Release|x64.Build.0 = Release|x64
		{CD555022-7893-2A4C-B398-9B55FF7CA2B5}.Debug|Win32.ActiveCfg = Debug|Win32
		{CD555022-7893-2A4C-B398-9B55FF7CA2B5}.Debug|Win32.Build.0 = Debug|Win32
		{CD555022-7893-2A4C-B398-9B55FF7CA2B5}.Debug|x64.ActiveCfg = Debug|x64
		{CD555022-7893-2A4C-B398-9B55FF7CA2B5}.Debug|x64.Build.0 = Debug|x64
		{26FF1C92-75CA-E44A-AE6C-17B2F935C61C}.Release|Win32.ActiveCfg = Release|Win32
		{26FF1C92-75CA-E44A-AE6C-17B2F935C61C}.Release|Win32.Build.0 = Release|Win32
		{26FF1C92-75CA-E44A-AE6C-17B2F935C61C}.Release|x64.ActiveCfg = Release|x64
		{26FF1C92-75CA-E44A-AE6C-17B2F935C61C}.Release|x64.Build.0 = Release|x64
		{26FF1C92-75CA-E44A-AE6C-17B2F935C61C}.Debug|Win32.ActiveCfg = Debug|Win32
		{26FF1C92-75CA-E44A-AE6C-17B2F935C61C}.Debug|Win32.Build.0 = Debug|Win32
		{26FF1C92-75CA-E44A-AE6C-17B2F935C61C}.Debug|x64.ActiveCfg = Debug|x64
		{26FF1C92-75CA-E44A-AE6C-17B2F935C61C}.Debug|x64.Build.0 = Debug|x64
		{3456A1AF-F50A-9E42-A8BF-3DD91F899DFB}.Release|Win32.ActiveCfg = Release|Win32
		{3456A1AF-F50A-9E42-A8BF-3DD91F899DFB}.Release|Win32.Build.0 = Release|Win32
		{3456A1AF-F50A-9E42-A8BF-3DD91F899DFB}.Release|x64.ActiveCfg = Release|x64
		{3456A1AF-F50A-9E42-A8BF-3DD91F899DFB}.Release|x64.Build.0 = Release|x64
		{3456A1AF-F50A-9E42-A8BF-3DD91F899DFB}.Debug|Win32.ActiveCfg = Debug|Win32
		{3456A1AF-F50A-9E42-A8BF-3DD91F899DFB}.Debug|Win32.Build.0 = Debug|Win32
		{3456A1AF-F50A-9E42-A8BF-3DD91F899DFB}.Debug|x64.ActiveCfg = Debug|x64
		{3456A1AF-F50A-9E42-A8BF-3DD91F899DFB}.Debug|x64.Build.0 = Debug|x64
		{4DCA937C-4AB2-BD48-A501-06040C4547D5}.Release|Win32.ActiveCfg = Release|Win32
		{4DCA937C-4AB2-BD48-A501-06040C4547D5}.Release|Win32.Build.0 = Release|Win32
		{4DCA937C-4AB2-BD48-A501-06040C4547D5}.Release|x64.ActiveCfg = Release|x64
		{4DCA937C-4AB2-BD48-A501-06040C4547D5}.Release|x64.Build.0 = Release|x64
		{4DCA937C-4AB2-BD48-A501-06040C4547D5}.Debug|Win32.ActiveCfg = Debug|Win32
		{4DCA937C-4AB2-BD48-A501-06040C4547D5}.Debug|Win32.Build.0 = Debug|Win32
		{4DCA937C-4AB2-BD48-A501-06040C4547D5}.Debug|x64.ActiveCfg = Debug|x64
		{4DCA937C-4AB2-BD48-A501-06040C4547D5}.Debug|x64.Build.0 = Debug|x64
		{EA691FA8-2D36-854D-9190-BCA6E02BE9E6}.Release|Win32.ActiveCfg = Release|Win32
		{EA691FA8-2D36-854D-9190-BCA6E02BE9E6}.Release|Win32.Build.0 = Release|Win32
		{EA691FA8-2D36-854D-9190-BCA6E02BE9E6}.Release|x64.ActiveCfg = Release|x64
		{EA691FA8-2D36-854D-9190-BCA6E02BE9E6}.Release|x64.Build.0 = Release|x64
		{EA691FA8-2D36-854D-9190-BCA6E02BE9E6}.Debug|Win32.ActiveCfg = Debug|Win32
		{EA691FA8-2D36-854D-9190-BCA6E02BE9E6}.Debug|Win32.Build.0 = Debug|Win32
		{EA691FA8-2D36-854D-9190-BCA6E02BE9E6}.Debug|x64.ActiveCfg = Debug|x64
		{EA691FA8-2D36-854D-9190-BCA6E02BE9E6}.Debug|x64.Build.0 = Debug|x64
		{90486461-8379-2D4C-AC72-63FA94F12604}.Release|Win32.ActiveCfg = Release|Win32
		{90486461-8379-2D4C-AC72-63FA94F12604}.Release|Win32.Build.0 = Release|Win32
		{90486461-8379-2D4C-AC72-63FA94F12604}.Release|x64.ActiveCfg = Release|x64
		{90486461-8379-2D4C-AC72-63FA94F12604}.Release|x64.Build.0 = Release|x64
		{90486461-8379-2D4C-AC72-63FA94F12604}.Debug|Win32.ActiveCfg = Debug|Win32
		{90486461-8379-2D4C-AC72-63FA94F12604}.Debug|Win32.Build.0 = Debug|Win32
		{90486461-8379-2D4C-AC72-63FA94F12604}.Debug|x64.ActiveCfg = Debug|x64
		{90486461-8379-2D4C-AC72-63FA94F12604}.Debug|x64.Build.0 = Debug|x64
		{3284314B-7649-0D49-97A2-1C25CBB3B8B7}.Release|Win32.ActiveCfg = Release|Win32
		{3284314B-7649-0D49-97A2-1C25CBB3B8B7}.Release|Win32.Build.0 = Release|Win32
		{3284314B-7649-0D49-97A2-1C25CBB3B8B7}.Release|x64.ActiveCfg = Release|x64
		{3284314B-7649-0D49-97A2-1C25CBB3B8B7}.Release|x64.Build.0 = Release|x64
		{3284314B-7649-0D49-97A2-1C25CBB3B8B7}.Debug|Win32.ActiveCfg = Debug|Win32
		{3284314B-7649-0D49-97A2-1C25CBB3B8B7}.Debug|Win32.Build.0 = Debug|Win32
		{3284314B-7649-0D49-97A2-1C25CBB3B8B7}.Debug|x64.ActiveCfg = Debug|x64
		{3284314B-7649-0D49-97A2-1C25CBB3B8B7}.Debug|x64.Build.0 = Debug|x64
		{FD5E35E3-17D2-A447-A10D-495DCA318E96}.Release|Win32.ActiveCfg = Release|Win32
		{FD5E35E3-17D2-A447-A10D-495DCA318E96}.Release|Win32.Build.0 = Release|Win32
		{FD5E35E3-17D2-A447-A10D-495DCA318E96}.Release|x64.ActiveCfg = Release|x64
		{FD5E35E3-17D2-A447-A10D-495DCA318E96}.Release|x64.Build.0 = Release|x64
		{FD5E35E3-17D2-A447-A10D-495DCA318E96}.Debug|Win32.ActiveCfg = Debug|Win32
		{FD5E35E3-17D2-A447-A10D-495DCA318E96}.Debug|Win32.Build.0 = Debug|Win32
		{FD5E35E3-17D2-A447-A10D-495DCA318E96}.Debug|x64.ActiveCfg = Debug|x64
		{FD5E35E3-17D2-A447-A10D-495DCA318E96}.Debug|x64.Build.0 = Debug|x64
		{80F34032-7F14-8E4C-A938-4F059C73CEE0}.Release|Win32.ActiveCfg = Release|Win32
		{80F34032-7F14-8E4C-A938-4F059C73CEE0}.Release|Win32.Build.0 = Release|Win32
		{80F34032-7F14-8E4C-A938-4F059C73CEE0}.Release|x64.ActiveCfg = Release|x64
		{80F34032-7F14-8E4C-A938-4F059C73CEE0}.Release|x64.Build.0 = Release|x64
		{80F34032-7F14-8E4C-A938-4F059C73CEE0}.Debug|Win32.ActiveCfg = Debug|Win32
		{80F34032-7F14-8E4C-A938-4F059C73CEE0}.Debug|Win32.Build.0 = Debug|Win32
		{80F34032-7F14-8E4C-A938-4F059C73CEE0}.Debug|x64.ActiveCfg = Debug|x64
		{80F34032-7F14-8E4C-A938-4F059C73CEE0}.Debug|x64.Build.0 = Debug|x64
		{0B382F77-8111-974B-8CB2-8F99EC569993}.Release|Win32.ActiveCfg = Release|Win32
		{0B382F77-8111-974B-8CB2-8F99EC569993}.Release|Win32.Build.0 = Release|Win32
		{0B382F77-8111-974B-8CB2-8F99EC569993}.Release|x64.ActiveCfg = Release|x64
		{0B382F77-8111-974B-8CB2-8F99EC569993}.Release|x64.Build.0 = Release|x64
		{0B382F77-8111-974B-8CB2-8F99EC569993}.Debug|Win32.ActiveCfg = Debug|Win32
		{0B382F77-8111-974B-8CB2-8F99EC569993}.Debug|Win32.Build.0 = Debug|Win32
		{0B382F77-8111-974B-8CB2-8F99EC569993}.Debug|x64.ActiveCfg = Debug|x64
		{0B382F77-8111-974B-8CB2-8F99EC569993}.Debug|x64.Build.0 = Debug|x64
		{2857BED9-8DA5-544A-837B-5A82E132A5C8}.Release|Win32.ActiveCfg = Release|Win32
		{2857BED9-8DA5-544A-837B-5A82E132A5C8}.Release|Win32.Build.0 = Release|Win32
		{2857BED9-8DA5-544A-837B-5A82E132A5C8}.Release|x64.ActiveCfg = Release|x64
		{2857BED9-8DA5-544A-837B-5A82E132A5C8}.Release|x64.Build.0 = Release|x64
		{2857BED9-8DA5-544A-837B-5A82E132A5C8}.Debug|Win32.ActiveCfg = Debug|Win32
		{2857BED9-8DA5-544A-837B-5A82E132A5C8}.Debug|Win32.Build.0 = Debug|Win32
		{2857BED9-8DA5-544A-837B-5A82E132A5C8}.Debug|x64.ActiveCfg = Debug|x64
		{2857BED9-8DA5-544A-837B-5A82E132A5C8}.Debug|x64.Build.0 = Debug|x64
		{6921F3C5-815D-9843-87BC-E588D27A3BBC}.Release|Win32.ActiveCfg = Release|Win32
		{6921F3C5-815D-9843-87BC-E588D27A3BBC}.Release|Win32.Build.0 = Release|Win32
		{6921F3C5-815D-9843-87BC-E588D27A3BBC}.Release|x64.ActiveCfg = Release|x64
		{6921F3C5-815D-9843-87BC-E588D27A3BBC}.Release|x64.Build.0 = Release|x64
		{6921F3C5-815D-9843-87BC-E588D27A3BBC}.Debug|Win32.ActiveCfg = Debug|Win32
		{6921F3C5-815D-9843-87BC-E588D27A3BBC}.Debug|Win32.Build.0 = Debug|Win32
		{6921F3C5-815D-9843-87BC-E588D27A3BBC}.Debug|x64.ActiveCfg = Debug|x64
		{6921F3C5-815D-9843-87BC-E588D27A3BBC}.Debug|x64.Build.0 = Debug|x64
		{913F58C0-45A4-8E45-A6A9-2E331A087663}.Release|Win32.ActiveCfg = Release|Win32
		{913F58C0-45A4-8E45-A6A9-2E331A087663}.Release|Win32.Build.0 = Release|Win32
		{913F58C0-45A4-8E45-A6A9-2E331A087663}.Release|x64.ActiveCfg = Release|x64
		{913F58C0-45A4-8E45-A6A9-2E331A087663}.Release|x64.Build.0 = Release|x64
		{913F58C0-45A4-8E45-A6A9-2E331A087663}.Debug|Win32.ActiveCfg = Debug|Win32
		{913F58C0-45A4-8E45-A6A9-2E331A087663}.Debug|Win32.Build.0 = Debug|Win32
		{913F58C0-45A4-8E45-A6A9-2E331A087663}.Debug|x64.ActiveCfg = Debug|x64
		{913F58C0-45A4-8E45-A6A9-2E331A087663}.Debug|x64.Build.0 = Debug|x64
		{43A907CE-A6BD-D34D-BC09-9A011274376D}.Release|Win32.ActiveCfg = Release|Win32
		{43A907CE-A6BD-D34D-BC09-9A011274376D}.Release|Win32.Build.0 = Release|Win32
		{43A907CE-A6BD-D34D-BC09-9A011274376D}.Release|x64.ActiveCfg = Release|x64
		{43A907CE-A6BD-D34D-BC09-9A011274376D}.Release|x64.Build.0 = Release|x64
		{43A907CE-A6BD-D34D-BC09-9A011274376D}.Debug|Win32.ActiveCfg = Debug|Win32
		{43A907CE-A6BD-D34D-BC09-9A011274376D}.Debug|Win32.Build.0 = Debug|Win32
		{43A907CE-A6BD-D34D-BC09-9A011274376D}.Debug|x64.ActiveCfg = Debug|x64
		{43A907CE-A6BD-D34D-BC09-9A011274376D}.Debug|x64.Build.0 = Debug|x64
		{BD476934-27DB-F04E-A08D-4C6959D1B372}.Release|Win32.ActiveCfg = Release|Win32
		{BD476934-27DB-F04E-A08D-4C6959D1B372}.Release|Win32.Build.0 = Release|Win32
		{BD476934-27DB-F04E-A08D-4C6959D1B372}.Release|x64.ActiveCfg = Release|x64
		{BD476934-27DB-F04E-A08D-4C6959D1B372}.Release|x64.Build.0 = Release|x64
		{BD476934-27DB-F04E-A08D-4C6959D1B372}.Debug|Win32.ActiveCfg = Debug|Win32
		{BD476934-27DB-F04E-A08D-4C6959D1B372}.Debug|Win32.Build.0 = Debug|Win32
		{BD476934-27DB-F04E-A08D-4C6959D1B372}.Debug|x64.ActiveCfg = Debug|x64
		{BD476934-27DB-F04E-A08D-4C6959D1B372}.Debug|x64.Build.0 = Debug|x64
		{9AC85792-9999-144B-A10D-6E40D653E673}.Release|Win32.ActiveCfg = Release|Win32
		{9AC85792-9999-144B-A10D-6E40D653E673}.Release|Win32.Build.0 = Release|Win32
		{9AC85792-9999-144B-A10D-6E40D653E673}.Release|x64.ActiveCfg = Release|x64
		{9AC85792-9999-144B-A10D-6E40D653E673}.Release|x64.Build.0 = Release|x64
		{9AC85792-9999-144B-A10D-6E40D653E673}.Debug|Win32.ActiveCfg = Debug|Win32
		{9AC85792-9999-144B-A10D-6E40D653E673}.Debug|Win32.Build.0 = Debug|Win32
		{9AC85792-9999-144B-A10D-6E40D653E673}.Debug|x64.ActiveCfg = Debug|x64
		{9AC85792-9999-144B-A10D-6E40D653E673}.Debug|x64.Build.0 = Debug|x64
		{F7AF0327-71CA-7447-931A-824872579B56}.Release|Win32.ActiveCfg = Release|Win32
		{F7AF0327-71CA-7447-931A-824872579B56}.Release|Win32.Build.0 = Release|Win32
		{F7AF0327-71CA-7447-931A-824872579B56}.Release|x64.ActiveCfg = Release|x64
		{F7AF0327-71CA-7447-931A-824872579B56}.Release|x64.Build.0 = Release|x64
		{F7AF0327-71CA-7447-931A-824872579B56}.Debug|Win32.ActiveCfg = Debug|Win32
		{F7AF0327-71CA-7447-931A-824872579B56}.Debug|Win32.Build.0 = Debug|Win32
		{F7AF0327-71CA-7447-931A-824872579B56}.Debug|x64.ActiveCfg = Debug|x64
		{F7AF0327-71CA-7447-931A-824872579B56}.Debug|x64.Build.0 = Debug|x64
		{9ED4C155-67DE-884A-BDF2-1B09C55CA350}.Release|Win32.ActiveCfg = Release|Win32
		{9ED4C155-67DE-884A-BDF2-1B09C55CA350}.Release|Win32.Build.0 = Release|Win32
		{9ED4C155-67DE-884A-BDF2-1B09C55CA350}.Release|x64.ActiveCfg = Release|x64
		{9ED4C155-67DE-884A-BDF2-1B09C55CA350}.Release|x64.Build.0 = Release|x64
		{9ED4C155-67DE-884A-BDF2-1B09C55CA350}.Debug|Win32.ActiveCfg = Debug|Win32
		{9ED4C155-67DE-884A-BDF2-1B09C55CA350}.Debug|Win32.Build.0 = Debug|Win32
		{9ED4C155-67DE-884A-BDF2-1B09C55CA350}.Debug|x64.ActiveCfg = Debug|x64
		{9ED4C155-67DE-884A-BDF2-1B09C55CA350}.Debug|x64.Build.0 = Debug|x64
		{9BEDBC69-50DE-674D-94C8-D87E160D1102}.Release|Win32.ActiveCfg = Release|Win32
		{9BEDBC69-50DE-674D-94C8-D87E160D1102}.Release|Win32.Build.0 = Release|Win32
		{9BEDBC69-50DE-674D-94C8-D87E160D1102}.Release|x64.ActiveCfg = Release|x64
		{9BEDBC69-50DE-674D-94C8-D87E160D1102}.Release|x64.Build.0 = Release|x64
		{9BEDBC69-50DE-674D-94C8-D87E160D1102}.Debug|Win32.ActiveCfg = Debug|Win32
		{9BEDBC69-50DE-674D-94C8-D87E160D1102}.Debug|Win32.Build.0 = Debug|Win32
		{9BEDBC69-50DE-674D-94C8-D87E160D1102}.Debug|x64.ActiveCfg = Debug|x64
		{9BEDBC69-50DE-674D-94C8-D87E160D1102}.Debug|x64.Build.0 = Debug|x64
		{3941BA4A-B954-1141-B549-DF0DBD0A7C22}.Release|Win32.ActiveCfg = Release|Win32
		{3941BA4A-B954-1141-B549-DF0DBD0A7C22}.Release|Win32.Build.0 = Release|Win32
		{3941BA4A-B954-1141-B549-DF0DBD0A7C22}.Release|x64.ActiveCfg = Release|x64
		{3941BA4A-B954-1141-B549-DF0DBD0A7C22}.Release|x64.Build.0 = Release|x64
		{3941BA4A-B954-1141-B549-DF0DBD0A7C22}.Debug|Win32.ActiveCfg = Debug|Win32
		{3941BA4A-B954-1141-B549-DF0DBD0A7C22}.Debug|Win32.Build.0 = Debug|Win32
		{3941BA4A-B954-1141-B549-DF0DBD0A7C22}.Debug|x64.ActiveCfg = Debug|x64
		{3941BA4A-B954-1141-B549-DF0DBD0A7C22}.Debug|x64.Build.0 = Debug|x64
		{E0E328DB-CBC0-BF45-96B7-4566D5F7E2A8}.Release|Win32.ActiveCfg = Release|Win32
		{E0E328DB-CBC0-BF45-96B7-4566D5F7E2A8}.Release|Win32.Build.0 = Release|Win32
		{E0E328DB-CBC0-BF45-96B7-4566D5F7E2A8}.Release|x64.ActiveCfg = Release|x64
		{E0E328DB-CBC0-BF45-96B7-4566D5F7E2A8}.Release|x64.Build.0 = Release|x64
		{E0E328DB-CBC0-BF45-96B7-4566D5F7E2A8}.Debug|Win32.ActiveCfg = Debug|Win32
		{E0E328DB-CBC0-BF45-96B7-4566D5F7E2A8}.Debug|Win32.Build.0 = Debug|Win32
		{E0E328DB-CBC0-BF45-96B7-4566D5F7E2A8}.Debug|x64.ActiveCfg = Debug|x64
		{E0E328DB-CBC0-BF45-96B7-4566D5F7E2A8}.Debug|x64.Build.0 = Debug|x64
		{E55CDF82-0C1F-254D-9FDF-80FF406C73BE}.Release|Win32.ActiveCfg = Release|Win32
		{E55CDF82-0C1F-254D-9FDF-80FF406C73BE}.Release|Win32.Build.0 = Release|Win32
		{E55CDF82-0C1F-254D-9FDF-80FF406C73BE}.Release|x64.ActiveCfg = Release|x64
		{E55CDF82-0C1F-254D-9FDF-80FF406C73BE}.Release|x64.Build.0 = Release|x64
		{E55CDF82-0C1F-254D-9FDF-80FF406C73BE}.Debug|Win32.ActiveCfg = Debug|Win32
		{E55CDF82-0C1F-254D-9FDF-80FF406C73BE}.Debug|Win32.Build.0 = Debug|Win32
		{E55CDF82-0C1F-254D-9FDF-80FF406C73BE}.Debug|x64.ActiveCfg = Debug|x64
		{E55CDF82-0C1F-254D-9FDF-80FF406C73BE}.Debug|x64.Build.0 = Debug|x64
		{B0154CF8-9ED9-7D43-9517-6ABE20C96553}.Release|Win32.ActiveCfg = Release|Win32
		{B0154CF8-9ED9-7D43-9517-6ABE20C96553}.Release|Win32.Build.0 = Release|Win32
		{B0154CF8-9ED9-7D43-9517-6ABE20C96553}.Release|x64.ActiveCfg = Release|x64
		{B0154CF8-9ED9-7D43-9517-6ABE20C96553}.Release|x64.Build.0 = Release|x64
		{B0154CF8-9ED9-7D43-9517-6ABE20C96553}.Debug|Win32.ActiveCfg = Debug|Win32
		{B0154CF8-9ED9-7D43-9517-6ABE20C96553}.Debug|Win32.Build.0 = Debug|Win32
		{B0154CF8-9ED9-7D43-9517-6ABE20C96553}.Debug|x64.ActiveCfg = Debug|x64
		{B0154CF8-9ED9-7D43-9517-6ABE20C96553}.Debug|x64.Build.0 = Debug|x64
		{D1F088D7-4DC6-B440-99A8-9B13F5A32E99}.Release|Win32.ActiveCfg = Release|Win32
		{D1F088D7-4DC6-B440-99A8-9B13F5A32E99}.Release|Win32.Build.0 = Release|Win32
		{D1F088D7-4DC6-B440-99A8-9B13F5A32E99}.Release|x64.ActiveCfg = Release|x64
		{D1F088D7-4DC6-B440-99A8-9B13F5A32E99}.Release|x64.Build.0 = Release|x64
		{D1F088D7-4DC6-B440-99A8-9B13F5A32E99}.Debug|Win32.ActiveCfg = Debug|Win32
		{D1F088D7-4DC6-B440-99A8-9B13F5A32E99}.Debug|Win32.Build.0 = Debug|Win32
		{D1F088D7-4DC6-B440-99A8-9B13F5A32E99}.Debug|x64.ActiveCfg = Debug|x64
		{D1F088D7-4DC6-B440-99A8-9B13F5A32E99}.Debug|x64.Build.0 = Debug|x64
		{957FF64B-DC3A-EB44-B8A3-1421D3E7A2A7}.Release|Win32.ActiveCfg = Release|Win32
		{957FF64B-DC3A-EB44-B8A3-1421D3E7A2A7}.Release|Win32.Build.0 = Release|Win32
		{957FF64B-DC3A-EB44-B8A3-1421D3E7A2A7}.Release|x64.ActiveCfg = Release|x64
		{957FF64B-DC3A-EB44-B8A3-1421D3E7A2A7}.Release|x64.Build.0 = Release|x64
		{957FF64B-DC3A-EB44-B8A3-1421D3E7A2A7}.Debug|Win32.ActiveCfg = Debug|Win32
		{957FF64B-DC3A-EB44-B8A3-1421D3E7A2A7}.Debug|Win32.Build.0 = Debug|Win32
		{957FF64B-DC3A-EB44-B8A3-1421D3E7A2A7}.Debug|x64.ActiveCfg = Debug|x64
		{957FF64B-DC3A-EB44-B8A3-1421D3E7A2A7}.Debug|x64.Build.0 = Debug|x64
		{7E863422-533E-EF41-8728-5441EA08636E}.Release|Win32.ActiveCfg = Release|Win32
		{7E863422-533E-EF41-8728-5441EA08636E}.Release|Win32.Build.0 = Release|Win32
		{7E863422-533E-EF41-8728-5441EA08636E}.Release|x64.ActiveCfg = Release|x64
		{7E863422-533E-EF41-8728-5441EA08636E}.Release|x64.Build.0 = Release|x64
		{7E863422-533E-EF41-8728-5441EA08636E}.Debug|Win32.ActiveCfg = Debug|Win32
		{7E863422-533E-EF41-8728-5441EA08636E}.Debug|Win32.Build.0 = Debug|Win32
		{7E863422-533E-EF41-8728-5441EA08636E}.Debug|x64.ActiveCfg = Debug|x64
		{7E863422-533E-EF41-8728-5441EA08636E}.Debug|x64.Build.0 = Debug|x64
		{4E64F98F-ADCF-7241-B3F3-CB8CB6C2F4B7}.Release|Win32.ActiveCfg = Release|Win32
		{4E64F98F-ADCF-7241-B3F3-CB8CB6C2F4B7}.Release|Win32.Build.0 = Release|Win32
		{4E64F98F-ADCF-7241-B3F3-CB8CB6C2F4B7}.Release|x64.ActiveCfg = Release|x64
		{4E64F98F-ADCF-7241-B3F3-CB8CB6C2F4B7}.Release|x64.Build.0 = Release|x64
		{4E64F98F-ADCF-7241-B3F3-CB8CB6C2F4B7}.Debug|Win32.ActiveCfg = Debug|Win32
		{4E64F98F-ADCF-7241-B3F3-CB8CB6C2F4B7}.Debug|Win32.Build.0 = Debug|Win32
		{4E64F98F-ADCF-7241-B3F3-CB8CB6C2F4B7}.Debug|x64.ActiveCfg = Debug|x64
		{4E64F98F-ADCF-7241-B3F3-CB8CB6C2F4B7}.Debug|x64.Build.0 = Debug|x64
		{BE95AFA6-2E4F-2E43-9544-FDE6CE07E7E3}.Release|Win32.ActiveCfg = Release|Win32
		{BE95AFA6-2E4F-2E43-9544-FDE6CE07E7E3}.Release|Win32.Build.0 = Release|Win32
		{BE95AFA6-2E4F-2E43-9544-FDE6CE07E7E3}.Release|x64.ActiveCfg = Release|x64
		{BE95AFA6-2E4F-2E43-9544-FDE6CE07E7E3}.Release|x64.Build.0 = Release|x64
		{BE95AFA6-2E4F-2E43-9544-FDE6CE07E7E3}.Debug|Win32.ActiveCfg = Debug|Win32
		{BE95AFA6-2E4F-2E43-9544-FDE6CE07E7E3}.Debug|Win32.Build.0 = Debug|Win32
		{BE95AFA6-2E4F-2E43-9544-FDE6CE07E7E3}.Debug|x64.ActiveCfg = Debug|x64
		{BE95AFA6-2E4F-2E43-9544-FDE6CE07E7E3}.Debug|x64.Build.0 = Debug|x64
		{8799BEA1-422A-6241-B39E-3E52F326645C}.Release|Win32.ActiveCfg = Release|Win32
		{8799BEA1-422A-6241-B39E-3E52F326645C}.Release|Win32.Build.0 = Release|Win32
		{8799BEA1-422A-6241-B39E-3E52F326645C}.Release|x64.ActiveCfg = Release|x64
		{8799BEA1-422A-6241-B39E-3E52F326645C}.Release|x64.Build.0 = Release|x64
		{8799BEA1-422A-6241-B39E-3E52F326645C}.Debug|Win32.ActiveCfg = Debug|Win32
		{8799BEA1-422A-6241-B39E-3E52F326645C}.Debug|Win32.Build.0 = Debug|Win32
		{8799BEA1-422A-6241-B39E-3E52F326645C}.Debug|x64.ActiveCfg = Debug|x64
		{8799BEA1-422A-6241-B39E-3E52F326645C}.Debug|x64.Build.0 = Debug|x64
		{894A7547-BDF7-3340-83F0-C3BF2D28698A}.Release|Win32.ActiveCfg = Release|Win32
		{894A7547-BDF7-3340-83F0-C3BF2D28698A}.Release|Win32.Build.0 = Release|Win32
		{894A7547-BDF7-3340-83F0-C3BF2D28698A}.Release|x64.ActiveCfg = Release|x64
		{894A7547-BDF7-3340-83F0-C3BF2D28698A}.Release|x64.Build.0 = Release|x64
		{894A7547-BDF7-3340-83F0-C3BF2D28698A}.Debug|Win32.ActiveCfg = Debug|Win32
		{894A7547-BDF7-3340-83F0-C3BF2D28698A}.Debug|Win32.Build.0 = Debug|Win32
		{894A7547-BDF7-3340-83F0-C3BF2D28698A}.Debug|x64.ActiveCfg = Debug|x64
		{894A7547-BDF7-3340-83F0-C3BF2D28698A}.Debug|x64.Build.0 = Debug|x64
		{4140966F-C449-ED45-9C5A-FED5655835FD}.Release|Win32.ActiveCfg = Release|Win32
		{4140966F-C449-ED45-9C5A-FED5655835FD}.Release|Win32.Build.0 = Release|Win32
		{4140966F-C449-ED45-9C5A-FED5655835FD}.Release|x64.ActiveCfg = Release|x64
		{4140966F-C449-ED45-9C5A-FED5655835FD}.Release|x64.Build.0 = Release|x64
		{4140966F-C449-ED45-9C5A-FED5655835FD}.Debug|Win32.ActiveCfg = Debug|Win32
		{4140966F-C449-ED45-9C5A-FED5655835FD}.Debug|Win32.Build.0 = Debug|Win32
		{4140966F-C449-ED45-9C5A-FED5655835FD}.Debug|x64.ActiveCfg = Debug|x64
		{4140966F-C449-ED45-9C5A-FED5655835FD}.Debug|x64.Build.0 = Debug|x64
		{A49119D7-9C22-6845-AC38-A255F2225392}.Release|Win32.ActiveCfg = Release|Win32
		{A49119D7-9C22-6845-AC38-A255F2225392}.Release|Win32.Build.0 = Release|Win32
		{A49119D7-9C22-6845-AC38-A255F2225392}.Release|x64.ActiveCfg = Release|x64
		{A49119D7-9C22-6845-AC38-A255F2225392}.Release|x64.Build.0 = Release|x64
		{A49119D7-9C22-6845-AC38-A255F2225392}.Debug|Win32.ActiveCfg = Debug|Win32
		{A49119D7-9C22-6845-AC38-A255F2225392}.Debug|Win32.Build.0 = Debug|Win32
		{A49119D7-9C22-6845-AC38-A255F2225392}.Debug|x64.ActiveCfg = Debug|x64
		{A49119D7-9C22-6845-AC38-A255F2225392}.Debug|x64.Build.0 = Debug|x64
		{B0081E42-D2B0-544A-8C66-FED0D22E7515}.Release|Win32.ActiveCfg = Release|Win32
		{B0081E42-D2B0-544A-8C66-FED0D22E7515}.Release|Win32.Build.0 = Release|Win32
		{B0081E42-D2B0-544A-8C66-FED0D22E7515}.Release|x64.ActiveCfg = Release|x64
		{B0081E42-D2B0-544A-8C66-FED0D22E7515}.Release|x64.Build.0 = Release|x64
		{B0081E42-D2B0-544A-8C66-FED0D22E7515}.Debug|Win32.ActiveCfg = Debug|Win32
		{B0081E42-D2B0-544A-8C66-FED0D22E7515}.Debug|Win32.Build.0 = Debug|Win32
		{B0081E42-D2B0-544A-8C66-FED0D22E7515}.Debug|x64.ActiveCfg = Debug|x64
		{B0081E42-D2B0-544A-8C66-FED0D22E7515}.Debug|x64.Build.0 = Debug|x64
		{69E47FBF-AE1E-F147-B00B-DEC58FA0436E}.Release|Win32.ActiveCfg = Release|Win32
		{69E47FBF-AE1E-F147-B00B-DEC58FA0436E}.Release|Win32.Build.0 = Release|Win32
		{69E47FBF-AE1E-F147-B00B-DEC58FA0436E}.Release|x64.ActiveCfg = Release|x64
		{69E47FBF-AE1E-F147-B00B-DEC58FA0436E}.Release|x64.Build.0 = Release|x64
		{69E47FBF-AE1E-F147-B00B-DEC58FA0436E}.Debug|Win32.ActiveCfg = Debug|Win32
		{69E47FBF-AE1E-F147-B00B-DEC58FA0436E}.Debug|Win32.Build.0 = Debug|Win32
		{69E47FBF-AE1E-F147-B00B-DEC58FA0436E}.Debug|x64.ActiveCfg = Debug|x64
		{69E47FBF-AE1E-F147-B00B-DEC58FA0436E}.Debug|x64.Build.0 = Debug|x64
	EndGlobalSection
	GlobalSection(SolutionProperties) = preSolution
		HideSolutionNode = FALSE
	EndGlobalSection
EndGlobal
