
Microsoft Visual Studio Solution File, Format Version 12.00
# Visual Studio 2013
VisualStudioVersion = 12.0.21005.1
MinimumVisualStudioVersion = 10.0.40219.1
Project("{8BC9CEB8-8B4A-11D0-8D11-00A0C91BC942}") = "nclgl", "..\nclgl\nclgl.vcxproj", "{98D6B51B-CB0A-4389-ADC6-24082B967C3F}"
EndProject
Project("{8BC9CEB8-8B4A-11D0-8D11-00A0C91BC942}") = "ncltech", "..\ncltech\ncltech.vcxproj", "{9FD1ABBA-7FDF-451C-BF1F-030F93B1AE7E}"
	ProjectSection(ProjectDependencies) = postProject
		{98D6B51B-CB0A-4389-ADC6-24082B967C3F} = {98D6B51B-CB0A-4389-ADC6-24082B967C3F}
	EndProjectSection
EndProject
Project("{2150E333-8FDC-42A3-9474-1A3956D46DE8}") = "Coursework", "Coursework", "{230753E4-DB69-4B77-AB0E-16FE1BE1CC1F}"
EndProject
Project("{2150E333-8FDC-42A3-9474-1A3956D46DE8}") = "Libraries", "Libraries", "{68747438-9230-4D7A-B1F3-F76A2ABD9CF1}"
EndProject
Project("{8BC9CEB8-8B4A-11D0-8D11-00A0C91BC942}") = "Math", "..\Math\Math.vcxproj", "{FA94D7DF-F3EA-417B-9F3E-BF308390E96C}"
EndProject
Project("{8BC9CEB8-8B4A-11D0-8D11-00A0C91BC942}") = "Helpers", "..\Helpers\Helpers.vcxproj", "{73BFCC5E-6926-4C81-A0BF-C149BB75C307}"
EndProject
Project("{8BC9CEB8-8B4A-11D0-8D11-00A0C91BC942}") = "Coursework", "Coursework\Coursework.vcxproj", "{FD0B3B92-0AB8-4C68-B68C-CBCDD3603C3A}"
EndProject
Project("{8BC9CEB8-8B4A-11D0-8D11-00A0C91BC942}") = "Memory", "Memory\Memory.vcxproj", "{4390EF1E-39EE-4C7E-8409-58D7723B0C7F}"
EndProject
Project("{2150E333-8FDC-42A3-9474-1A3956D46DE8}") = "Bullet", "Bullet", "{D5560D00-2ACE-4784-A8AA-192B537610A2}"
EndProject
Project("{8BC9CEB8-8B4A-11D0-8D11-00A0C91BC942}") = "BulletCollision", "..\BulletPhysics\build3\vs2010\BulletCollision.vcxproj", "{B0081E42-D2B0-544A-8C66-FED0D22E7515}"
EndProject
Project("{8BC9CEB8-8B4A-11D0-8D11-00A0C91BC942}") = "BulletDynamics", "..\BulletPhysics\build3\vs2010\BulletDynamics.vcxproj", "{A49119D7-9C22-6845-AC38-A255F2225392}"
EndProject
Project("{8BC9CEB8-8B4A-11D0-8D11-00A0C91BC942}") = "LinearMath", "..\BulletPhysics\build3\vs2010\LinearMath.vcxproj", "{69E47FBF-AE1E-F147-B00B-DEC58FA0436E}"
EndProject
Global
	GlobalSection(SolutionConfigurationPlatforms) = preSolution
		Debug|Win32 = Debug|Win32
		Debug|x64 = Debug|x64
		Release|Win32 = Release|Win32
		Release|x64 = Release|x64
	EndGlobalSection
	GlobalSection(ProjectConfigurationPlatforms) = postSolution
		{98D6B51B-CB0A-4389-ADC6-24082B967C3F}.Debug|Win32.ActiveCfg = Debug|Win32
		{98D6B51B-CB0A-4389-ADC6-24082B967C3F}.Debug|Win32.Build.0 = Debug|Win32
		{98D6B51B-CB0A-4389-ADC6-24082B967C3F}.Debug|x64.ActiveCfg = Debug|Win32
		{98D6B51B-CB0A-4389-ADC6-24082B967C3F}.Release|Win32.ActiveCfg = Release|Win32
		{98D6B51B-CB0A-4389-ADC6-24082B967C3F}.Release|Win32.Build.0 = Release|Win32
		{98D6B51B-CB0A-4389-ADC6-24082B967C3F}.Release|x64.ActiveCfg = Release|Win32
		{9FD1ABBA-7FDF-451C-BF1F-030F93B1AE7E}.Debug|Win32.ActiveCfg = Debug|Win32
		{9FD1ABBA-7FDF-451C-BF1F-030F93B1AE7E}.Debug|Win32.Build.0 = Debug|Win32
		{9FD1ABBA-7FDF-451C-BF1F-030F93B1AE7E}.Debug|x64.ActiveCfg = Debug|Win32
		{9FD1ABBA-7FDF-451C-BF1F-030F93B1AE7E}.Release|Win32.ActiveCfg = Release|Win32
		{9FD1ABBA-7FDF-451C-BF1F-030F93B1AE7E}.Release|Win32.Build.0 = Release|Win32
		{9FD1ABBA-7FDF-451C-BF1F-030F93B1AE7E}.Release|x64.ActiveCfg = Release|Win32
		{FA94D7DF-F3EA-417B-9F3E-BF308390E96C}.Debug|Win32.ActiveCfg = Debug|Win32
		{FA94D7DF-F3EA-417B-9F3E-BF308390E96C}.Debug|Win32.Build.0 = Debug|Win32
		{FA94D7DF-F3EA-417B-9F3E-BF308390E96C}.Debug|x64.ActiveCfg = Debug|Win32
		{FA94D7DF-F3EA-417B-9F3E-BF308390E96C}.Release|Win32.ActiveCfg = Release|Win32
		{FA94D7DF-F3EA-417B-9F3E-BF308390E96C}.Release|Win32.Build.0 = Release|Win32
		{FA94D7DF-F3EA-417B-9F3E-BF308390E96C}.Release|x64.ActiveCfg = Release|Win32
		{73BFCC5E-6926-4C81-A0BF-C149BB75C307}.Debug|Win32.ActiveCfg = Debug|Win32
		{73BFCC5E-6926-4C81-A0BF-C149BB75C307}.Debug|Win32.Build.0 = Debug|Win32
		{73BFCC5E-6926-4C81-A0BF-C149BB75C307}.Debug|x64.ActiveCfg = Debug|Win32
		{73BFCC5E-6926-4C81-A0BF-C149BB75C307}.Release|Win32.ActiveCfg = Release|Win32
		{73BFCC5E-6926-4C81-A0BF-C149BB75C307}.Release|Win32.Build.0 = Release|Win32
		{73BFCC5E-6926-4C81-A0BF-C149BB75C307}.Release|x64.ActiveCfg = Release|Win32
		{FD0B3B92-0AB8-4C68-B68C-CBCDD3603C3A}.Debug|Win32.ActiveCfg = Debug|Win32
		{FD0B3B92-0AB8-4C68-B68C-CBCDD3603C3A}.Debug|Win32.Build.0 = Debug|Win32
		{FD0B3B92-0AB8-4C68-B68C-CBCDD3603C3A}.Debug|x64.ActiveCfg = Debug|Win32
		{FD0B3B92-0AB8-4C68-B68C-CBCDD3603C3A}.Release|Win32.ActiveCfg = Release|Win32
		{FD0B3B92-0AB8-4C68-B68C-CBCDD3603C3A}.Release|Win32.Build.0 = Release|Win32
		{FD0B3B92-0AB8-4C68-B68C-CBCDD3603C3A}.Release|x64.ActiveCfg = Release|Win32
		{4390EF1E-39EE-4C7E-8409-58D7723B0C7F}.Debug|Win32.ActiveCfg = Debug|Win32
		{4390EF1E-39EE-4C7E-8409-58D7723B0C7F}.Debug|Win32.Build.0 = Debug|Win32
		{4390EF1E-39EE-4C7E-8409-58D7723B0C7F}.Debug|x64.ActiveCfg = Debug|Win32
		{4390EF1E-39EE-4C7E-8409-58D7723B0C7F}.Release|Win32.ActiveCfg = Release|Win32
		{4390EF1E-39EE-4C7E-8409-58D7723B0C7F}.Release|Win32.Build.0 = Release|Win32
		{4390EF1E-39EE-4C7E-8409-58D7723B0C7F}.Release|x64.ActiveCfg = Release|Win32
		{B0081E42-D2B0-544A-8C66-FED0D22E7515}.Debug|Win32.ActiveCfg = Debug|Win32
		{B0081E42-D2B0-544A-8C66-FED0D22E7515}.Debug|Win32.Build.0 = Debug|Win32
		{B0081E42-D2B0-544A-8C66-FED0D22E7515}.Debug|x64.ActiveCfg = Debug|x64
		{B0081E42-D2B0-544A-8C66-FED0D22E7515}.Debug|x64.Build.0 = Debug|x64
		{B0081E42-D2B0-544A-8C66-FED0D22E7515}.Release|Win32.ActiveCfg = Release|Win32
		{B0081E42-D2B0-544A-8C66-FED0D22E7515}.Release|Win32.Build.0 = Release|Win32
		{B0081E42-D2B0-544A-8C66-FED0D22E7515}.Release|x64.ActiveCfg = Release|x64
		{B0081E42-D2B0-544A-8C66-FED0D22E7515}.Release|x64.Build.0 = Release|x64
		{A49119D7-9C22-6845-AC38-A255F2225392}.Debug|Win32.ActiveCfg = Debug|Win32
		{A49119D7-9C22-6845-AC38-A255F2225392}.Debug|Win32.Build.0 = Debug|Win32
		{A49119D7-9C22-6845-AC38-A255F2225392}.Debug|x64.ActiveCfg = Debug|x64
		{A49119D7-9C22-6845-AC38-A255F2225392}.Debug|x64.Build.0 = Debug|x64
		{A49119D7-9C22-6845-AC38-A255F2225392}.Release|Win32.ActiveCfg = Release|Win32
		{A49119D7-9C22-6845-AC38-A255F2225392}.Release|Win32.Build.0 = Release|Win32
		{A49119D7-9C22-6845-AC38-A255F2225392}.Release|x64.ActiveCfg = Release|x64
		{A49119D7-9C22-6845-AC38-A255F2225392}.Release|x64.Build.0 = Release|x64
		{69E47FBF-AE1E-F147-B00B-DEC58FA0436E}.Debug|Win32.ActiveCfg = Debug|Win32
		{69E47FBF-AE1E-F147-B00B-DEC58FA0436E}.Debug|Win32.Build.0 = Debug|Win32
		{69E47FBF-AE1E-F147-B00B-DEC58FA0436E}.Debug|x64.ActiveCfg = Debug|x64
		{69E47FBF-AE1E-F147-B00B-DEC58FA0436E}.Debug|x64.Build.0 = Debug|x64
		{69E47FBF-AE1E-F147-B00B-DEC58FA0436E}.Release|Win32.ActiveCfg = Release|Win32
		{69E47FBF-AE1E-F147-B00B-DEC58FA0436E}.Release|Win32.Build.0 = Release|Win32
		{69E47FBF-AE1E-F147-B00B-DEC58FA0436E}.Release|x64.ActiveCfg = Release|x64
		{69E47FBF-AE1E-F147-B00B-DEC58FA0436E}.Release|x64.Build.0 = Release|x64
	EndGlobalSection
	GlobalSection(SolutionProperties) = preSolution
		HideSolutionNode = FALSE
	EndGlobalSection
	GlobalSection(NestedProjects) = preSolution
		{9FD1ABBA-7FDF-451C-BF1F-030F93B1AE7E} = {68747438-9230-4D7A-B1F3-F76A2ABD9CF1}
		{98D6B51B-CB0A-4389-ADC6-24082B967C3F} = {68747438-9230-4D7A-B1F3-F76A2ABD9CF1}
		{FA94D7DF-F3EA-417B-9F3E-BF308390E96C} = {68747438-9230-4D7A-B1F3-F76A2ABD9CF1}
		{73BFCC5E-6926-4C81-A0BF-C149BB75C307} = {68747438-9230-4D7A-B1F3-F76A2ABD9CF1}
		{4390EF1E-39EE-4C7E-8409-58D7723B0C7F} = {68747438-9230-4D7A-B1F3-F76A2ABD9CF1}
		{D5560D00-2ACE-4784-A8AA-192B537610A2} = {68747438-9230-4D7A-B1F3-F76A2ABD9CF1}
		{FD0B3B92-0AB8-4C68-B68C-CBCDD3603C3A} = {230753E4-DB69-4B77-AB0E-16FE1BE1CC1F}
		{B0081E42-D2B0-544A-8C66-FED0D22E7515} = {D5560D00-2ACE-4784-A8AA-192B537610A2}
		{A49119D7-9C22-6845-AC38-A255F2225392} = {D5560D00-2ACE-4784-A8AA-192B537610A2}
		{69E47FBF-AE1E-F147-B00B-DEC58FA0436E} = {D5560D00-2ACE-4784-A8AA-192B537610A2}
	EndGlobalSection
EndGlobal
