<?xml version="1.0" encoding="utf-8"?>
<Project ToolsVersion="4.0" xmlns="http://schemas.microsoft.com/developer/msbuild/2003">
  <ItemGroup>
    <Filter Include="Source Files">
      <UniqueIdentifier>{4FC737F1-C7A5-4376-A066-2A32D752A2FF}</UniqueIdentifier>
      <Extensions>cpp;c;cc;cxx;def;odl;idl;hpj;bat;asm;asmx</Extensions>
    </Filter>
    <Filter Include="Header Files">
      <UniqueIdentifier>{93995380-89BD-4b04-88EB-625FBE52EBFB}</UniqueIdentifier>
      <Extensions>h;hh;hpp;hxx;hm;inl;inc;xsd</Extensions>
    </Filter>
    <Filter Include="Resource Files">
      <UniqueIdentifier>{67DA6AB6-F800-4c08-8B7A-83BB121AAD01}</UniqueIdentifier>
      <Extensions>rc;ico;cur;bmp;dlg;rc2;rct;bin;rgs;gif;jpg;jpeg;jpe;resx;tiff;tif;png;wav;mfcribbon-ms</Extensions>
    </Filter>
    <Filter Include="Header Files\Physics">
      <UniqueIdentifier>{ac6d0ab1-55b0-4fc3-aa69-dfe156d32bd5}</UniqueIdentifier>
    </Filter>
    <Filter Include="Header Files\Physics\Constraints">
      <UniqueIdentifier>{6e2bc176-e49e-4787-a6ab-e90c1a3e4fa0}</UniqueIdentifier>
    </Filter>
    <Filter Include="Header Files\Physics\CollisionShapes">
      <UniqueIdentifier>{565b8c19-9d3a-4b0d-b389-90aa6b527c08}</UniqueIdentifier>
    </Filter>
    <Filter Include="Source Files\Physics">
      <UniqueIdentifier>{41fd562a-f1c9-410f-8bd0-42ead3a30f32}</UniqueIdentifier>
    </Filter>
    <Filter Include="Source Files\Physics\Constraints">
      <UniqueIdentifier>{f5ee26b8-b9a6-4d7e-8e98-9358df5c5b30}</UniqueIdentifier>
    </Filter>
    <Filter Include="Source Files\Physics\CollisionShapes">
      <UniqueIdentifier>{39bf44f8-0ca5-45ad-a15b-56a39b267895}</UniqueIdentifier>
    </Filter>
    <Filter Include="Header Files\AI">
      <UniqueIdentifier>{89e75fcb-eb1d-40d6-bd06-a62af8ebb376}</UniqueIdentifier>
    </Filter>
    <Filter Include="Source Files\AI">
      <UniqueIdentifier>{24722adf-336f-4891-8228-0de286d8b7c7}</UniqueIdentifier>
    </Filter>
    <Filter Include="Header Files\AI\States">
      <UniqueIdentifier>{4e293d69-a16f-45fa-bbcb-263cbe038e32}</UniqueIdentifier>
    </Filter>
    <Filter Include="Source Files\AI\States">
      <UniqueIdentifier>{18eff78a-be99-4ce1-9387-54beb05fe3cc}</UniqueIdentifier>
    </Filter>
    <Filter Include="Header Files\AI\Triggers">
      <UniqueIdentifier>{548bafb5-2a34-4c86-8f42-d1bf2e01d283}</UniqueIdentifier>
    </Filter>
    <Filter Include="Source Files\AI\Triggers">
      <UniqueIdentifier>{2aa8de82-273f-4f68-84cc-eb7c0d432867}</UniqueIdentifier>
    </Filter>
  </ItemGroup>
  <ItemGroup>
    <ClCompile Include="Scene.cpp">
      <Filter>Source Files</Filter>
    </ClCompile>
    <ClCompile Include="SimpleMeshObject.cpp">
      <Filter>Source Files</Filter>
    </ClCompile>
    <ClCompile Include="GameObject.cpp">
      <Filter>Source Files</Filter>
    </ClCompile>
    <ClCompile Include="Hull.cpp">
      <Filter>Source Files</Filter>
    </ClCompile>
    <ClCompile Include="Constraint.cpp">
      <Filter>Source Files\Physics\Constraints</Filter>
    </ClCompile>
    <ClCompile Include="CuboidCollisionShape.cpp">
      <Filter>Source Files\Physics\CollisionShapes</Filter>
    </ClCompile>
    <ClCompile Include="SphereCollisionShape.cpp">
      <Filter>Source Files\Physics\CollisionShapes</Filter>
    </ClCompile>
    <ClCompile Include="Manifold.cpp">
      <Filter>Source Files\Physics\Constraints</Filter>
    </ClCompile>
    <ClCompile Include="CommonMeshes.cpp">
      <Filter>Source Files</Filter>
    </ClCompile>
    <ClCompile Include="NCLDebug.cpp">
      <Filter>Source Files</Filter>
    </ClCompile>
    <ClCompile Include="CollisionDetection.cpp">
      <Filter>Source Files\Physics</Filter>
    </ClCompile>
    <ClCompile Include="PhysicsEngine.cpp">
      <Filter>Source Files\Physics</Filter>
    </ClCompile>
    <ClCompile Include="PhysicsObject.cpp">
      <Filter>Source Files\Physics</Filter>
    </ClCompile>
    <ClCompile Include="OctreeSpacePartition.cpp">
      <Filter>Source Files</Filter>
    </ClCompile>
    <ClCompile Include="TrackerGameObject.cpp">
      <Filter>Source Files</Filter>
    </ClCompile>
    <ClCompile Include="CollisionListener.cpp">
      <Filter>Source Files</Filter>
    </ClCompile>
    <ClCompile Include="PyramidCollisionShape.cpp">
      <Filter>Source Files</Filter>
    </ClCompile>
    <ClCompile Include="StateMachine.cpp">
      <Filter>Source Files\AI</Filter>
    </ClCompile>
    <ClCompile Include="State.cpp">
      <Filter>Source Files\AI</Filter>
    </ClCompile>
    <ClCompile Include="Trigger.cpp">
      <Filter>Source Files\AI</Filter>
    </ClCompile>
    <ClCompile Include="DistanceTrigger.cpp">
      <Filter>Source Files\AI\Triggers</Filter>
    </ClCompile>
  </ItemGroup>
  <ItemGroup>
    <ClInclude Include="GameObject.h">
      <Filter>Header Files</Filter>
    </ClInclude>
    <ClInclude Include="Hull.h">
      <Filter>Header Files</Filter>
    </ClInclude>
    <ClInclude Include="Scene.h">
      <Filter>Header Files</Filter>
    </ClInclude>
    <ClInclude Include="SimpleMeshObject.h">
      <Filter>Header Files</Filter>
    </ClInclude>
    <ClInclude Include="TSingleton.h">
      <Filter>Header Files</Filter>
    </ClInclude>
    <ClInclude Include="CollisionShape.h">
      <Filter>Header Files\Physics\CollisionShapes</Filter>
    </ClInclude>
    <ClInclude Include="CuboidCollisionShape.h">
      <Filter>Header Files\Physics\CollisionShapes</Filter>
    </ClInclude>
    <ClInclude Include="SphereCollisionShape.h">
      <Filter>Header Files\Physics\CollisionShapes</Filter>
    </ClInclude>
    <ClInclude Include="Manifold.h">
      <Filter>Header Files\Physics\Constraints</Filter>
    </ClInclude>
    <ClInclude Include="Constraint.h">
      <Filter>Header Files\Physics\Constraints</Filter>
    </ClInclude>
    <ClInclude Include="CommonMeshes.h">
      <Filter>Header Files</Filter>
    </ClInclude>
    <ClInclude Include="NCLDebug.h">
      <Filter>Header Files</Filter>
    </ClInclude>
    <ClInclude Include="CollisionDetection.h">
      <Filter>Header Files\Physics</Filter>
    </ClInclude>
    <ClInclude Include="PhysicsEngine.h">
      <Filter>Header Files\Physics</Filter>
    </ClInclude>
    <ClInclude Include="PhysicsObject.h">
      <Filter>Header Files\Physics</Filter>
    </ClInclude>
    <ClInclude Include="constants.h">
      <Filter>Header Files</Filter>
    </ClInclude>
    <ClInclude Include="OctreeSpacePartition.h">
      <Filter>Header Files</Filter>
    </ClInclude>
    <ClInclude Include="DistanceConstraint.h">
      <Filter>Header Files\Physics\Constraints</Filter>
    </ClInclude>
    <ClInclude Include="TrackerGameObject.h">
      <Filter>Header Files</Filter>
    </ClInclude>
    <ClInclude Include="CollisionListener.h">
      <Filter>Header Files</Filter>
    </ClInclude>
    <ClInclude Include="PyramidCollisionShape.h">
      <Filter>Header Files</Filter>
    </ClInclude>
    <ClInclude Include="StateMachine.h">
      <Filter>Header Files\AI</Filter>
    </ClInclude>
    <ClInclude Include="State.h">
      <Filter>Header Files\AI</Filter>
    </ClInclude>
    <ClInclude Include="Trigger.h">
      <Filter>Header Files\AI</Filter>
    </ClInclude>
    <ClInclude Include="DistanceTrigger.h">
      <Filter>Header Files\AI\Triggers</Filter>
    </ClInclude>
  </ItemGroup>
</Project>